// !$*UTF8*$!
{
	archiveVersion = 1;
	classes = {
	};
	objectVersion = 46;
	objects = {

/* Begin PBXBuildFile section */
		710103BF1AD83A0A008C0849 /* libXMP.h in CopyFiles */ = {isa = PBXBuildFile; fileRef = 710103BE1AD83A0A008C0849 /* libXMP.h */; };
		710103C11AD83A0A008C0849 /* libXMP.mm in Sources */ = {isa = PBXBuildFile; fileRef = 710103C01AD83A0A008C0849 /* libXMP.mm */; };
		710103C71AD83A0A008C0849 /* liblibXMP.a in Frameworks */ = {isa = PBXBuildFile; fileRef = 710103BB1AD83A0A008C0849 /* liblibXMP.a */; };
		711A483C1AD83A7C00C66594 /* adlib.c in Sources */ = {isa = PBXBuildFile; fileRef = 711A48081AD83A7C00C66594 /* adlib.c */; };
		711A483D1AD83A7C00C66594 /* control.c in Sources */ = {isa = PBXBuildFile; fileRef = 711A480A1AD83A7C00C66594 /* control.c */; };
		711A483E1AD83A7C00C66594 /* dataio.c in Sources */ = {isa = PBXBuildFile; fileRef = 711A480B1AD83A7C00C66594 /* dataio.c */; };
		711A483F1AD83A7C00C66594 /* effects.c in Sources */ = {isa = PBXBuildFile; fileRef = 711A480D1AD83A7C00C66594 /* effects.c */; };
		711A48401AD83A7C00C66594 /* envelope.c in Sources */ = {isa = PBXBuildFile; fileRef = 711A480F1AD83A7C00C66594 /* envelope.c */; };
		711A48411AD83A7C00C66594 /* extras.c in Sources */ = {isa = PBXBuildFile; fileRef = 711A48111AD83A7C00C66594 /* extras.c */; };
		711A48421AD83A7C00C66594 /* filter.c in Sources */ = {isa = PBXBuildFile; fileRef = 711A48131AD83A7C00C66594 /* filter.c */; };
		711A48431AD83A7C00C66594 /* fmopl.c in Sources */ = {isa = PBXBuildFile; fileRef = 711A48141AD83A7C00C66594 /* fmopl.c */; };
		711A48441AD83A7C00C66594 /* fnmatch.c in Sources */ = {isa = PBXBuildFile; fileRef = 711A48161AD83A7C00C66594 /* fnmatch.c */; };
		711A48451AD83A7C00C66594 /* format.c in Sources */ = {isa = PBXBuildFile; fileRef = 711A48181AD83A7C00C66594 /* format.c */; };
		711A48461AD83A7C00C66594 /* hio.c in Sources */ = {isa = PBXBuildFile; fileRef = 711A481A1AD83A7C00C66594 /* hio.c */; };
		711A48471AD83A7C00C66594 /* hmn_extras.c in Sources */ = {isa = PBXBuildFile; fileRef = 711A481C1AD83A7C00C66594 /* hmn_extras.c */; };
		711A48481AD83A7C00C66594 /* lfo.c in Sources */ = {isa = PBXBuildFile; fileRef = 711A481E1AD83A7C00C66594 /* lfo.c */; };
		711A48491AD83A7C00C66594 /* load_helpers.c in Sources */ = {isa = PBXBuildFile; fileRef = 711A48211AD83A7C00C66594 /* load_helpers.c */; };
		711A484A1AD83A7C00C66594 /* load.c in Sources */ = {isa = PBXBuildFile; fileRef = 711A48221AD83A7C00C66594 /* load.c */; };
		711A484B1AD83A7C00C66594 /* md5.c in Sources */ = {isa = PBXBuildFile; fileRef = 711A48231AD83A7C00C66594 /* md5.c */; };
		711A484C1AD83A7C00C66594 /* med_extras.c in Sources */ = {isa = PBXBuildFile; fileRef = 711A48261AD83A7C00C66594 /* med_extras.c */; };
		711A484D1AD83A7C00C66594 /* memio.c in Sources */ = {isa = PBXBuildFile; fileRef = 711A48281AD83A7C00C66594 /* memio.c */; };
		711A484E1AD83A7C00C66594 /* mix_all.c in Sources */ = {isa = PBXBuildFile; fileRef = 711A482A1AD83A7C00C66594 /* mix_all.c */; };
		711A484F1AD83A7C00C66594 /* mixer.c in Sources */ = {isa = PBXBuildFile; fileRef = 711A482B1AD83A7C00C66594 /* mixer.c */; };
		711A48501AD83A7C00C66594 /* mkstemp.c in Sources */ = {isa = PBXBuildFile; fileRef = 711A482D1AD83A7C00C66594 /* mkstemp.c */; };
		711A48511AD83A7C00C66594 /* period.c in Sources */ = {isa = PBXBuildFile; fileRef = 711A482E1AD83A7C00C66594 /* period.c */; };
		711A48521AD83A7C00C66594 /* player.c in Sources */ = {isa = PBXBuildFile; fileRef = 711A48301AD83A7C00C66594 /* player.c */; };
		711A48531AD83A7C00C66594 /* read_event.c in Sources */ = {isa = PBXBuildFile; fileRef = 711A48331AD83A7C00C66594 /* read_event.c */; };
		711A48541AD83A7C00C66594 /* scan.c in Sources */ = {isa = PBXBuildFile; fileRef = 711A48341AD83A7C00C66594 /* scan.c */; };
		711A48551AD83A7C00C66594 /* smix.c in Sources */ = {isa = PBXBuildFile; fileRef = 711A48351AD83A7C00C66594 /* smix.c */; };
		711A48561AD83A7C00C66594 /* synth_null.c in Sources */ = {isa = PBXBuildFile; fileRef = 711A48361AD83A7C00C66594 /* synth_null.c */; };
		711A48571AD83A7C00C66594 /* tempfile.c in Sources */ = {isa = PBXBuildFile; fileRef = 711A48381AD83A7C00C66594 /* tempfile.c */; };
		711A48581AD83A7C00C66594 /* virtual.c in Sources */ = {isa = PBXBuildFile; fileRef = 711A483A1AD83A7C00C66594 /* virtual.c */; };
		711A487C1AD83A8B00C66594 /* arcfs.c in Sources */ = {isa = PBXBuildFile; fileRef = 711A48591AD83A8B00C66594 /* arcfs.c */; };
		711A487D1AD83A8B00C66594 /* bunzip2.c in Sources */ = {isa = PBXBuildFile; fileRef = 711A485A1AD83A8B00C66594 /* bunzip2.c */; };
		711A487E1AD83A8B00C66594 /* crc32.c in Sources */ = {isa = PBXBuildFile; fileRef = 711A485B1AD83A8B00C66594 /* crc32.c */; };
		711A487F1AD83A8B00C66594 /* gunzip.c in Sources */ = {isa = PBXBuildFile; fileRef = 711A485D1AD83A8B00C66594 /* gunzip.c */; };
		711A48801AD83A8B00C66594 /* inflate.c in Sources */ = {isa = PBXBuildFile; fileRef = 711A485E1AD83A8B00C66594 /* inflate.c */; };
		711A48811AD83A8B00C66594 /* Makefile in Sources */ = {isa = PBXBuildFile; fileRef = 711A48601AD83A8B00C66594 /* Makefile */; };
		711A48821AD83A8B00C66594 /* mmcmp.c in Sources */ = {isa = PBXBuildFile; fileRef = 711A48611AD83A8B00C66594 /* mmcmp.c */; };
		711A48831AD83A8B00C66594 /* muse.c in Sources */ = {isa = PBXBuildFile; fileRef = 711A48621AD83A8B00C66594 /* muse.c */; };
		711A48841AD83A8B00C66594 /* oxm.c in Sources */ = {isa = PBXBuildFile; fileRef = 711A48631AD83A8B00C66594 /* oxm.c */; };
		711A48851AD83A8B00C66594 /* ppdepack.c in Sources */ = {isa = PBXBuildFile; fileRef = 711A48641AD83A8B00C66594 /* ppdepack.c */; };
		711A48861AD83A8B00C66594 /* readlzw.c in Sources */ = {isa = PBXBuildFile; fileRef = 711A48661AD83A8B00C66594 /* readlzw.c */; };
		711A48871AD83A8B00C66594 /* readrle.c in Sources */ = {isa = PBXBuildFile; fileRef = 711A48681AD83A8B00C66594 /* readrle.c */; };
		711A48881AD83A8B00C66594 /* s404_dec.c in Sources */ = {isa = PBXBuildFile; fileRef = 711A486A1AD83A8B00C66594 /* s404_dec.c */; };
		711A48891AD83A8B00C66594 /* unarc.c in Sources */ = {isa = PBXBuildFile; fileRef = 711A486B1AD83A8B00C66594 /* unarc.c */; };
		711A488A1AD83A8B00C66594 /* uncompress.c in Sources */ = {isa = PBXBuildFile; fileRef = 711A486C1AD83A8B00C66594 /* uncompress.c */; };
		711A488B1AD83A8B00C66594 /* unlha.c in Sources */ = {isa = PBXBuildFile; fileRef = 711A486D1AD83A8B00C66594 /* unlha.c */; };
		711A488C1AD83A8B00C66594 /* unlzx.c in Sources */ = {isa = PBXBuildFile; fileRef = 711A486E1AD83A8B00C66594 /* unlzx.c */; };
		711A488D1AD83A8B00C66594 /* unsqsh.c in Sources */ = {isa = PBXBuildFile; fileRef = 711A486F1AD83A8B00C66594 /* unsqsh.c */; };
		711A488E1AD83A8B00C66594 /* unxz.c in Sources */ = {isa = PBXBuildFile; fileRef = 711A48701AD83A8B00C66594 /* unxz.c */; };
		711A488F1AD83A8B00C66594 /* unzip.c in Sources */ = {isa = PBXBuildFile; fileRef = 711A48711AD83A8B00C66594 /* unzip.c */; };
		711A48901AD83A8B00C66594 /* vorbis.c in Sources */ = {isa = PBXBuildFile; fileRef = 711A48721AD83A8B00C66594 /* vorbis.c */; };
		711A48911AD83A8B00C66594 /* xfd.c in Sources */ = {isa = PBXBuildFile; fileRef = 711A48741AD83A8B00C66594 /* xfd.c */; };
		711A48921AD83A8B00C66594 /* xz_dec_lzma2.c in Sources */ = {isa = PBXBuildFile; fileRef = 711A48761AD83A8B00C66594 /* xz_dec_lzma2.c */; };
		711A48931AD83A8B00C66594 /* xz_dec_stream.c in Sources */ = {isa = PBXBuildFile; fileRef = 711A48771AD83A8B00C66594 /* xz_dec_stream.c */; };
		711A49391AD83AB400C66594 /* 669_load.c in Sources */ = {isa = PBXBuildFile; fileRef = 711A48F41AD83AB400C66594 /* 669_load.c */; };
		711A493A1AD83AB400C66594 /* abk_load.c in Sources */ = {isa = PBXBuildFile; fileRef = 711A48F51AD83AB400C66594 /* abk_load.c */; };
		711A493B1AD83AB400C66594 /* amd_load.c in Sources */ = {isa = PBXBuildFile; fileRef = 711A48F61AD83AB400C66594 /* amd_load.c */; };
		711A493C1AD83AB400C66594 /* amf_load.c in Sources */ = {isa = PBXBuildFile; fileRef = 711A48F71AD83AB400C66594 /* amf_load.c */; };
		711A493D1AD83AB400C66594 /* arch_load.c in Sources */ = {isa = PBXBuildFile; fileRef = 711A48F81AD83AB400C66594 /* arch_load.c */; };
		711A493E1AD83AB400C66594 /* asif.c in Sources */ = {isa = PBXBuildFile; fileRef = 711A48F91AD83AB400C66594 /* asif.c */; };
		711A493F1AD83AB400C66594 /* asylum_load.c in Sources */ = {isa = PBXBuildFile; fileRef = 711A48FB1AD83AB400C66594 /* asylum_load.c */; };
		711A49401AD83AB400C66594 /* chip_load.c in Sources */ = {isa = PBXBuildFile; fileRef = 711A48FC1AD83AB400C66594 /* chip_load.c */; };
		711A49411AD83AB400C66594 /* common.c in Sources */ = {isa = PBXBuildFile; fileRef = 711A48FD1AD83AB400C66594 /* common.c */; };
		711A49421AD83AB400C66594 /* dbm_load.c in Sources */ = {isa = PBXBuildFile; fileRef = 711A48FE1AD83AB400C66594 /* dbm_load.c */; };
		711A49431AD83AB400C66594 /* digi_load.c in Sources */ = {isa = PBXBuildFile; fileRef = 711A48FF1AD83AB400C66594 /* digi_load.c */; };
		711A49441AD83AB400C66594 /* dt_load.c in Sources */ = {isa = PBXBuildFile; fileRef = 711A49001AD83AB400C66594 /* dt_load.c */; };
		711A49451AD83AB400C66594 /* emod_load.c in Sources */ = {isa = PBXBuildFile; fileRef = 711A49011AD83AB400C66594 /* emod_load.c */; };
		711A49461AD83AB400C66594 /* far_load.c in Sources */ = {isa = PBXBuildFile; fileRef = 711A49021AD83AB400C66594 /* far_load.c */; };
		711A49471AD83AB400C66594 /* flt_load.c in Sources */ = {isa = PBXBuildFile; fileRef = 711A49031AD83AB400C66594 /* flt_load.c */; };
		711A49481AD83AB400C66594 /* fnk_load.c in Sources */ = {isa = PBXBuildFile; fileRef = 711A49041AD83AB400C66594 /* fnk_load.c */; };
		711A49491AD83AB400C66594 /* gal4_load.c in Sources */ = {isa = PBXBuildFile; fileRef = 711A49051AD83AB400C66594 /* gal4_load.c */; };
		711A494A1AD83AB400C66594 /* gal5_load.c in Sources */ = {isa = PBXBuildFile; fileRef = 711A49061AD83AB400C66594 /* gal5_load.c */; };
		711A494B1AD83AB400C66594 /* gdm_load.c in Sources */ = {isa = PBXBuildFile; fileRef = 711A49071AD83AB400C66594 /* gdm_load.c */; };
		711A494C1AD83AB400C66594 /* hmn_load.c in Sources */ = {isa = PBXBuildFile; fileRef = 711A49081AD83AB400C66594 /* hmn_load.c */; };
		711A494D1AD83AB400C66594 /* hsc_load.c in Sources */ = {isa = PBXBuildFile; fileRef = 711A49091AD83AB400C66594 /* hsc_load.c */; };
		711A494E1AD83AB400C66594 /* ice_load.c in Sources */ = {isa = PBXBuildFile; fileRef = 711A490A1AD83AB400C66594 /* ice_load.c */; };
		711A494F1AD83AB400C66594 /* iff.c in Sources */ = {isa = PBXBuildFile; fileRef = 711A490B1AD83AB400C66594 /* iff.c */; };
		711A49501AD83AB400C66594 /* imf_load.c in Sources */ = {isa = PBXBuildFile; fileRef = 711A490D1AD83AB400C66594 /* imf_load.c */; };
		711A49511AD83AB400C66594 /* ims_load.c in Sources */ = {isa = PBXBuildFile; fileRef = 711A490E1AD83AB400C66594 /* ims_load.c */; };
		711A49521AD83AB400C66594 /* it_load.c in Sources */ = {isa = PBXBuildFile; fileRef = 711A490F1AD83AB400C66594 /* it_load.c */; };
		711A49531AD83AB400C66594 /* itsex.c in Sources */ = {isa = PBXBuildFile; fileRef = 711A49111AD83AB400C66594 /* itsex.c */; };
		711A49541AD83AB400C66594 /* liq_load.c in Sources */ = {isa = PBXBuildFile; fileRef = 711A49121AD83AB400C66594 /* liq_load.c */; };
		711A49561AD83AB400C66594 /* masi_load.c in Sources */ = {isa = PBXBuildFile; fileRef = 711A49151AD83AB400C66594 /* masi_load.c */; };
		711A49571AD83AB400C66594 /* mdl_load.c in Sources */ = {isa = PBXBuildFile; fileRef = 711A49161AD83AB400C66594 /* mdl_load.c */; };
		711A49581AD83AB400C66594 /* med2_load.c in Sources */ = {isa = PBXBuildFile; fileRef = 711A49181AD83AB400C66594 /* med2_load.c */; };
		711A49591AD83AB400C66594 /* med3_load.c in Sources */ = {isa = PBXBuildFile; fileRef = 711A49191AD83AB400C66594 /* med3_load.c */; };
		711A495A1AD83AB400C66594 /* med4_load.c in Sources */ = {isa = PBXBuildFile; fileRef = 711A491A1AD83AB400C66594 /* med4_load.c */; };
		711A495B1AD83AB400C66594 /* mfp_load.c in Sources */ = {isa = PBXBuildFile; fileRef = 711A491B1AD83AB400C66594 /* mfp_load.c */; };
		711A495C1AD83AB400C66594 /* mgt_load.c in Sources */ = {isa = PBXBuildFile; fileRef = 711A491C1AD83AB400C66594 /* mgt_load.c */; };
		711A495D1AD83AB400C66594 /* mmd_common.c in Sources */ = {isa = PBXBuildFile; fileRef = 711A491D1AD83AB400C66594 /* mmd_common.c */; };
		711A495E1AD83AB400C66594 /* mmd1_load.c in Sources */ = {isa = PBXBuildFile; fileRef = 711A491E1AD83AB400C66594 /* mmd1_load.c */; };
		711A495F1AD83AB400C66594 /* mmd3_load.c in Sources */ = {isa = PBXBuildFile; fileRef = 711A491F1AD83AB400C66594 /* mmd3_load.c */; };
		711A49601AD83AB400C66594 /* mod_load.c in Sources */ = {isa = PBXBuildFile; fileRef = 711A49201AD83AB400C66594 /* mod_load.c */; };
		711A49611AD83AB400C66594 /* mtm_load.c in Sources */ = {isa = PBXBuildFile; fileRef = 711A49221AD83AB400C66594 /* mtm_load.c */; };
		711A49621AD83AB400C66594 /* no_load.c in Sources */ = {isa = PBXBuildFile; fileRef = 711A49231AD83AB400C66594 /* no_load.c */; };
		711A49631AD83AB400C66594 /* okt_load.c in Sources */ = {isa = PBXBuildFile; fileRef = 711A49241AD83AB400C66594 /* okt_load.c */; };
		711A49641AD83AB400C66594 /* psm_load.c in Sources */ = {isa = PBXBuildFile; fileRef = 711A49251AD83AB400C66594 /* psm_load.c */; };
		711A49651AD83AB400C66594 /* pt3_load.c in Sources */ = {isa = PBXBuildFile; fileRef = 711A49261AD83AB400C66594 /* pt3_load.c */; };
		711A49661AD83AB400C66594 /* ptm_load.c in Sources */ = {isa = PBXBuildFile; fileRef = 711A49271AD83AB400C66594 /* ptm_load.c */; };
		711A49681AD83AB400C66594 /* rad_load.c in Sources */ = {isa = PBXBuildFile; fileRef = 711A49291AD83AB400C66594 /* rad_load.c */; };
		711A49691AD83AB400C66594 /* rtm_load.c in Sources */ = {isa = PBXBuildFile; fileRef = 711A492A1AD83AB400C66594 /* rtm_load.c */; };
		711A496A1AD83AB400C66594 /* s3m_load.c in Sources */ = {isa = PBXBuildFile; fileRef = 711A492B1AD83AB400C66594 /* s3m_load.c */; };
		711A496B1AD83AB400C66594 /* sample.c in Sources */ = {isa = PBXBuildFile; fileRef = 711A492D1AD83AB400C66594 /* sample.c */; };
		711A496C1AD83AB400C66594 /* sfx_load.c in Sources */ = {isa = PBXBuildFile; fileRef = 711A492E1AD83AB400C66594 /* sfx_load.c */; };
		711A496D1AD83AB400C66594 /* st_load.c in Sources */ = {isa = PBXBuildFile; fileRef = 711A492F1AD83AB400C66594 /* st_load.c */; };
		711A496E1AD83AB400C66594 /* stim_load.c in Sources */ = {isa = PBXBuildFile; fileRef = 711A49301AD83AB400C66594 /* stim_load.c */; };
		711A496F1AD83AB400C66594 /* stm_load.c in Sources */ = {isa = PBXBuildFile; fileRef = 711A49311AD83AB400C66594 /* stm_load.c */; };
		711A49701AD83AB400C66594 /* stx_load.c in Sources */ = {isa = PBXBuildFile; fileRef = 711A49321AD83AB400C66594 /* stx_load.c */; };
		711A49711AD83AB400C66594 /* sym_load.c in Sources */ = {isa = PBXBuildFile; fileRef = 711A49331AD83AB400C66594 /* sym_load.c */; };
		711A49721AD83AB400C66594 /* ult_load.c in Sources */ = {isa = PBXBuildFile; fileRef = 711A49341AD83AB400C66594 /* ult_load.c */; };
		711A49731AD83AB400C66594 /* umx_load.c in Sources */ = {isa = PBXBuildFile; fileRef = 711A49351AD83AB400C66594 /* umx_load.c */; };
		711A49741AD83AB400C66594 /* voltable.c in Sources */ = {isa = PBXBuildFile; fileRef = 711A49361AD83AB400C66594 /* voltable.c */; };
		711A49751AD83AB400C66594 /* xm_load.c in Sources */ = {isa = PBXBuildFile; fileRef = 711A49371AD83AB400C66594 /* xm_load.c */; };
		711A49771AD83AC700C66594 /* Foundation.framework in Frameworks */ = {isa = PBXBuildFile; fileRef = 711A49761AD83AC700C66594 /* Foundation.framework */; };
		711A49791AD83AE400C66594 /* xmp.h in CopyFiles */ = {isa = PBXBuildFile; fileRef = 711A49781AD83AE200C66594 /* xmp.h */; };
/* End PBXBuildFile section */

/* Begin PBXContainerItemProxy section */
		710103C81AD83A0A008C0849 /* PBXContainerItemProxy */ = {
			isa = PBXContainerItemProxy;
			containerPortal = 710103B31AD83A0A008C0849 /* Project object */;
			proxyType = 1;
			remoteGlobalIDString = 710103BA1AD83A0A008C0849;
			remoteInfo = libXMP;
		};
/* End PBXContainerItemProxy section */

/* Begin PBXCopyFilesBuildPhase section */
		710103B91AD83A0A008C0849 /* CopyFiles */ = {
			isa = PBXCopyFilesBuildPhase;
			buildActionMask = 2147483647;
			dstPath = "include/$(PRODUCT_NAME)";
			dstSubfolderSpec = 16;
			files = (
				711A49791AD83AE400C66594 /* xmp.h in CopyFiles */,
				710103BF1AD83A0A008C0849 /* libXMP.h in CopyFiles */,
			);
			runOnlyForDeploymentPostprocessing = 0;
		};
/* End PBXCopyFilesBuildPhase section */

/* Begin PBXFileReference section */
		710103BB1AD83A0A008C0849 /* liblibXMP.a */ = {isa = PBXFileReference; explicitFileType = archive.ar; includeInIndex = 0; path = liblibXMP.a; sourceTree = BUILT_PRODUCTS_DIR; };
		710103BE1AD83A0A008C0849 /* libXMP.h */ = {isa = PBXFileReference; lastKnownFileType = sourcecode.c.h; path = libXMP.h; sourceTree = "<group>"; };
		710103C01AD83A0A008C0849 /* libXMP.mm */ = {isa = PBXFileReference; lastKnownFileType = sourcecode.cpp.objcpp; path = libXMP.mm; sourceTree = "<group>"; };
		710103C61AD83A0A008C0849 /* libXMPTests.xctest */ = {isa = PBXFileReference; explicitFileType = wrapper.cfbundle; includeInIndex = 0; path = libXMPTests.xctest; sourceTree = BUILT_PRODUCTS_DIR; };
		710103CC1AD83A0A008C0849 /* Info.plist */ = {isa = PBXFileReference; lastKnownFileType = text.plist.xml; path = Info.plist; sourceTree = "<group>"; };
		711A48081AD83A7C00C66594 /* adlib.c */ = {isa = PBXFileReference; fileEncoding = 4; lastKnownFileType = sourcecode.c.c; name = adlib.c; path = "libraries/libxmp-4.3.8/src/adlib.c"; sourceTree = "<group>"; };
		711A48091AD83A7C00C66594 /* common.h */ = {isa = PBXFileReference; fileEncoding = 4; lastKnownFileType = sourcecode.c.h; name = common.h; path = "libraries/libxmp-4.3.8/src/common.h"; sourceTree = "<group>"; };
		711A480A1AD83A7C00C66594 /* control.c */ = {isa = PBXFileReference; fileEncoding = 4; lastKnownFileType = sourcecode.c.c; name = control.c; path = "libraries/libxmp-4.3.8/src/control.c"; sourceTree = "<group>"; };
		711A480B1AD83A7C00C66594 /* dataio.c */ = {isa = PBXFileReference; fileEncoding = 4; lastKnownFileType = sourcecode.c.c; name = dataio.c; path = "libraries/libxmp-4.3.8/src/dataio.c"; sourceTree = "<group>"; };
		711A480C1AD83A7C00C66594 /* depacker.h */ = {isa = PBXFileReference; fileEncoding = 4; lastKnownFileType = sourcecode.c.h; name = depacker.h; path = "libraries/libxmp-4.3.8/src/depacker.h"; sourceTree = "<group>"; };
		711A480D1AD83A7C00C66594 /* effects.c */ = {isa = PBXFileReference; fileEncoding = 4; lastKnownFileType = sourcecode.c.c; name = effects.c; path = "libraries/libxmp-4.3.8/src/effects.c"; sourceTree = "<group>"; };
		711A480E1AD83A7C00C66594 /* effects.h */ = {isa = PBXFileReference; fileEncoding = 4; lastKnownFileType = sourcecode.c.h; name = effects.h; path = "libraries/libxmp-4.3.8/src/effects.h"; sourceTree = "<group>"; };
		711A480F1AD83A7C00C66594 /* envelope.c */ = {isa = PBXFileReference; fileEncoding = 4; lastKnownFileType = sourcecode.c.c; name = envelope.c; path = "libraries/libxmp-4.3.8/src/envelope.c"; sourceTree = "<group>"; };
		711A48101AD83A7C00C66594 /* envelope.h */ = {isa = PBXFileReference; fileEncoding = 4; lastKnownFileType = sourcecode.c.h; name = envelope.h; path = "libraries/libxmp-4.3.8/src/envelope.h"; sourceTree = "<group>"; };
		711A48111AD83A7C00C66594 /* extras.c */ = {isa = PBXFileReference; fileEncoding = 4; lastKnownFileType = sourcecode.c.c; name = extras.c; path = "libraries/libxmp-4.3.8/src/extras.c"; sourceTree = "<group>"; };
		711A48121AD83A7C00C66594 /* extras.h */ = {isa = PBXFileReference; fileEncoding = 4; lastKnownFileType = sourcecode.c.h; name = extras.h; path = "libraries/libxmp-4.3.8/src/extras.h"; sourceTree = "<group>"; };
		711A48131AD83A7C00C66594 /* filter.c */ = {isa = PBXFileReference; fileEncoding = 4; lastKnownFileType = sourcecode.c.c; name = filter.c; path = "libraries/libxmp-4.3.8/src/filter.c"; sourceTree = "<group>"; };
		711A48141AD83A7C00C66594 /* fmopl.c */ = {isa = PBXFileReference; fileEncoding = 4; lastKnownFileType = sourcecode.c.c; name = fmopl.c; path = "libraries/libxmp-4.3.8/src/fmopl.c"; sourceTree = "<group>"; };
		711A48151AD83A7C00C66594 /* fmopl.h */ = {isa = PBXFileReference; fileEncoding = 4; lastKnownFileType = sourcecode.c.h; name = fmopl.h; path = "libraries/libxmp-4.3.8/src/fmopl.h"; sourceTree = "<group>"; };
		711A48161AD83A7C00C66594 /* fnmatch.c */ = {isa = PBXFileReference; fileEncoding = 4; lastKnownFileType = sourcecode.c.c; name = fnmatch.c; path = "libraries/libxmp-4.3.8/src/fnmatch.c"; sourceTree = "<group>"; };
		711A48171AD83A7C00C66594 /* fnmatch.h */ = {isa = PBXFileReference; fileEncoding = 4; lastKnownFileType = sourcecode.c.h; name = fnmatch.h; path = "libraries/libxmp-4.3.8/src/fnmatch.h"; sourceTree = "<group>"; };
		711A48181AD83A7C00C66594 /* format.c */ = {isa = PBXFileReference; fileEncoding = 4; lastKnownFileType = sourcecode.c.c; name = format.c; path = "libraries/libxmp-4.3.8/src/format.c"; sourceTree = "<group>"; };
		711A48191AD83A7C00C66594 /* format.h */ = {isa = PBXFileReference; fileEncoding = 4; lastKnownFileType = sourcecode.c.h; name = format.h; path = "libraries/libxmp-4.3.8/src/format.h"; sourceTree = "<group>"; };
		711A481A1AD83A7C00C66594 /* hio.c */ = {isa = PBXFileReference; fileEncoding = 4; lastKnownFileType = sourcecode.c.c; name = hio.c; path = "libraries/libxmp-4.3.8/src/hio.c"; sourceTree = "<group>"; };
		711A481B1AD83A7C00C66594 /* hio.h */ = {isa = PBXFileReference; fileEncoding = 4; lastKnownFileType = sourcecode.c.h; name = hio.h; path = "libraries/libxmp-4.3.8/src/hio.h"; sourceTree = "<group>"; };
		711A481C1AD83A7C00C66594 /* hmn_extras.c */ = {isa = PBXFileReference; fileEncoding = 4; lastKnownFileType = sourcecode.c.c; name = hmn_extras.c; path = "libraries/libxmp-4.3.8/src/hmn_extras.c"; sourceTree = "<group>"; };
		711A481D1AD83A7C00C66594 /* hmn_extras.h */ = {isa = PBXFileReference; fileEncoding = 4; lastKnownFileType = sourcecode.c.h; name = hmn_extras.h; path = "libraries/libxmp-4.3.8/src/hmn_extras.h"; sourceTree = "<group>"; };
		711A481E1AD83A7C00C66594 /* lfo.c */ = {isa = PBXFileReference; fileEncoding = 4; lastKnownFileType = sourcecode.c.c; name = lfo.c; path = "libraries/libxmp-4.3.8/src/lfo.c"; sourceTree = "<group>"; };
		711A481F1AD83A7C00C66594 /* lfo.h */ = {isa = PBXFileReference; fileEncoding = 4; lastKnownFileType = sourcecode.c.h; name = lfo.h; path = "libraries/libxmp-4.3.8/src/lfo.h"; sourceTree = "<group>"; };
		711A48201AD83A7C00C66594 /* list.h */ = {isa = PBXFileReference; fileEncoding = 4; lastKnownFileType = sourcecode.c.h; name = list.h; path = "libraries/libxmp-4.3.8/src/list.h"; sourceTree = "<group>"; };
		711A48211AD83A7C00C66594 /* load_helpers.c */ = {isa = PBXFileReference; fileEncoding = 4; lastKnownFileType = sourcecode.c.c; name = load_helpers.c; path = "libraries/libxmp-4.3.8/src/load_helpers.c"; sourceTree = "<group>"; };
		711A48221AD83A7C00C66594 /* load.c */ = {isa = PBXFileReference; fileEncoding = 4; lastKnownFileType = sourcecode.c.c; name = load.c; path = "libraries/libxmp-4.3.8/src/load.c"; sourceTree = "<group>"; };
		711A48231AD83A7C00C66594 /* md5.c */ = {isa = PBXFileReference; fileEncoding = 4; lastKnownFileType = sourcecode.c.c; name = md5.c; path = "libraries/libxmp-4.3.8/src/md5.c"; sourceTree = "<group>"; };
		711A48241AD83A7C00C66594 /* md5.h */ = {isa = PBXFileReference; fileEncoding = 4; lastKnownFileType = sourcecode.c.h; name = md5.h; path = "libraries/libxmp-4.3.8/src/md5.h"; sourceTree = "<group>"; };
		711A48251AD83A7C00C66594 /* mdataio.h */ = {isa = PBXFileReference; fileEncoding = 4; lastKnownFileType = sourcecode.c.h; name = mdataio.h; path = "libraries/libxmp-4.3.8/src/mdataio.h"; sourceTree = "<group>"; };
		711A48261AD83A7C00C66594 /* med_extras.c */ = {isa = PBXFileReference; fileEncoding = 4; lastKnownFileType = sourcecode.c.c; name = med_extras.c; path = "libraries/libxmp-4.3.8/src/med_extras.c"; sourceTree = "<group>"; };
		711A48271AD83A7C00C66594 /* med_extras.h */ = {isa = PBXFileReference; fileEncoding = 4; lastKnownFileType = sourcecode.c.h; name = med_extras.h; path = "libraries/libxmp-4.3.8/src/med_extras.h"; sourceTree = "<group>"; };
		711A48281AD83A7C00C66594 /* memio.c */ = {isa = PBXFileReference; fileEncoding = 4; lastKnownFileType = sourcecode.c.c; name = memio.c; path = "libraries/libxmp-4.3.8/src/memio.c"; sourceTree = "<group>"; };
		711A48291AD83A7C00C66594 /* memio.h */ = {isa = PBXFileReference; fileEncoding = 4; lastKnownFileType = sourcecode.c.h; name = memio.h; path = "libraries/libxmp-4.3.8/src/memio.h"; sourceTree = "<group>"; };
		711A482A1AD83A7C00C66594 /* mix_all.c */ = {isa = PBXFileReference; fileEncoding = 4; lastKnownFileType = sourcecode.c.c; name = mix_all.c; path = "libraries/libxmp-4.3.8/src/mix_all.c"; sourceTree = "<group>"; };
		711A482B1AD83A7C00C66594 /* mixer.c */ = {isa = PBXFileReference; fileEncoding = 4; lastKnownFileType = sourcecode.c.c; name = mixer.c; path = "libraries/libxmp-4.3.8/src/mixer.c"; sourceTree = "<group>"; };
		711A482C1AD83A7C00C66594 /* mixer.h */ = {isa = PBXFileReference; fileEncoding = 4; lastKnownFileType = sourcecode.c.h; name = mixer.h; path = "libraries/libxmp-4.3.8/src/mixer.h"; sourceTree = "<group>"; };
		711A482D1AD83A7C00C66594 /* mkstemp.c */ = {isa = PBXFileReference; fileEncoding = 4; lastKnownFileType = sourcecode.c.c; name = mkstemp.c; path = "libraries/libxmp-4.3.8/src/mkstemp.c"; sourceTree = "<group>"; };
		711A482E1AD83A7C00C66594 /* period.c */ = {isa = PBXFileReference; fileEncoding = 4; lastKnownFileType = sourcecode.c.c; name = period.c; path = "libraries/libxmp-4.3.8/src/period.c"; sourceTree = "<group>"; };
		711A482F1AD83A7C00C66594 /* period.h */ = {isa = PBXFileReference; fileEncoding = 4; lastKnownFileType = sourcecode.c.h; name = period.h; path = "libraries/libxmp-4.3.8/src/period.h"; sourceTree = "<group>"; };
		711A48301AD83A7C00C66594 /* player.c */ = {isa = PBXFileReference; fileEncoding = 4; lastKnownFileType = sourcecode.c.c; name = player.c; path = "libraries/libxmp-4.3.8/src/player.c"; sourceTree = "<group>"; };
		711A48311AD83A7C00C66594 /* player.h */ = {isa = PBXFileReference; fileEncoding = 4; lastKnownFileType = sourcecode.c.h; name = player.h; path = "libraries/libxmp-4.3.8/src/player.h"; sourceTree = "<group>"; };
		711A48321AD83A7C00C66594 /* precomp_lut.h */ = {isa = PBXFileReference; fileEncoding = 4; lastKnownFileType = sourcecode.c.h; name = precomp_lut.h; path = "libraries/libxmp-4.3.8/src/precomp_lut.h"; sourceTree = "<group>"; };
		711A48331AD83A7C00C66594 /* read_event.c */ = {isa = PBXFileReference; fileEncoding = 4; lastKnownFileType = sourcecode.c.c; name = read_event.c; path = "libraries/libxmp-4.3.8/src/read_event.c"; sourceTree = "<group>"; };
		711A48341AD83A7C00C66594 /* scan.c */ = {isa = PBXFileReference; fileEncoding = 4; lastKnownFileType = sourcecode.c.c; name = scan.c; path = "libraries/libxmp-4.3.8/src/scan.c"; sourceTree = "<group>"; };
		711A48351AD83A7C00C66594 /* smix.c */ = {isa = PBXFileReference; fileEncoding = 4; lastKnownFileType = sourcecode.c.c; name = smix.c; path = "libraries/libxmp-4.3.8/src/smix.c"; sourceTree = "<group>"; };
		711A48361AD83A7C00C66594 /* synth_null.c */ = {isa = PBXFileReference; fileEncoding = 4; lastKnownFileType = sourcecode.c.c; name = synth_null.c; path = "libraries/libxmp-4.3.8/src/synth_null.c"; sourceTree = "<group>"; };
		711A48371AD83A7C00C66594 /* synth.h */ = {isa = PBXFileReference; fileEncoding = 4; lastKnownFileType = sourcecode.c.h; name = synth.h; path = "libraries/libxmp-4.3.8/src/synth.h"; sourceTree = "<group>"; };
		711A48381AD83A7C00C66594 /* tempfile.c */ = {isa = PBXFileReference; fileEncoding = 4; lastKnownFileType = sourcecode.c.c; name = tempfile.c; path = "libraries/libxmp-4.3.8/src/tempfile.c"; sourceTree = "<group>"; };
		711A48391AD83A7C00C66594 /* tempfile.h */ = {isa = PBXFileReference; fileEncoding = 4; lastKnownFileType = sourcecode.c.h; name = tempfile.h; path = "libraries/libxmp-4.3.8/src/tempfile.h"; sourceTree = "<group>"; };
		711A483A1AD83A7C00C66594 /* virtual.c */ = {isa = PBXFileReference; fileEncoding = 4; lastKnownFileType = sourcecode.c.c; name = virtual.c; path = "libraries/libxmp-4.3.8/src/virtual.c"; sourceTree = "<group>"; };
		711A483B1AD83A7C00C66594 /* virtual.h */ = {isa = PBXFileReference; fileEncoding = 4; lastKnownFileType = sourcecode.c.h; name = virtual.h; path = "libraries/libxmp-4.3.8/src/virtual.h"; sourceTree = "<group>"; };
		711A48591AD83A8B00C66594 /* arcfs.c */ = {isa = PBXFileReference; fileEncoding = 4; lastKnownFileType = sourcecode.c.c; name = arcfs.c; path = "libraries/libxmp-4.3.8/src/depackers/arcfs.c"; sourceTree = "<group>"; };
		711A485A1AD83A8B00C66594 /* bunzip2.c */ = {isa = PBXFileReference; fileEncoding = 4; lastKnownFileType = sourcecode.c.c; name = bunzip2.c; path = "libraries/libxmp-4.3.8/src/depackers/bunzip2.c"; sourceTree = "<group>"; };
		711A485B1AD83A8B00C66594 /* crc32.c */ = {isa = PBXFileReference; fileEncoding = 4; lastKnownFileType = sourcecode.c.c; name = crc32.c; path = "libraries/libxmp-4.3.8/src/depackers/crc32.c"; sourceTree = "<group>"; };
		711A485C1AD83A8B00C66594 /* crc32.h */ = {isa = PBXFileReference; fileEncoding = 4; lastKnownFileType = sourcecode.c.h; name = crc32.h; path = "libraries/libxmp-4.3.8/src/depackers/crc32.h"; sourceTree = "<group>"; };
		711A485D1AD83A8B00C66594 /* gunzip.c */ = {isa = PBXFileReference; fileEncoding = 4; lastKnownFileType = sourcecode.c.c; name = gunzip.c; path = "libraries/libxmp-4.3.8/src/depackers/gunzip.c"; sourceTree = "<group>"; };
		711A485E1AD83A8B00C66594 /* inflate.c */ = {isa = PBXFileReference; fileEncoding = 4; lastKnownFileType = sourcecode.c.c; name = inflate.c; path = "libraries/libxmp-4.3.8/src/depackers/inflate.c"; sourceTree = "<group>"; };
		711A485F1AD83A8B00C66594 /* inflate.h */ = {isa = PBXFileReference; fileEncoding = 4; lastKnownFileType = sourcecode.c.h; name = inflate.h; path = "libraries/libxmp-4.3.8/src/depackers/inflate.h"; sourceTree = "<group>"; };
		711A48601AD83A8B00C66594 /* Makefile */ = {isa = PBXFileReference; fileEncoding = 4; lastKnownFileType = sourcecode.make; name = Makefile; path = "libraries/libxmp-4.3.8/src/depackers/Makefile"; sourceTree = "<group>"; };
		711A48611AD83A8B00C66594 /* mmcmp.c */ = {isa = PBXFileReference; fileEncoding = 4; lastKnownFileType = sourcecode.c.c; name = mmcmp.c; path = "libraries/libxmp-4.3.8/src/depackers/mmcmp.c"; sourceTree = "<group>"; };
		711A48621AD83A8B00C66594 /* muse.c */ = {isa = PBXFileReference; fileEncoding = 4; lastKnownFileType = sourcecode.c.c; name = muse.c; path = "libraries/libxmp-4.3.8/src/depackers/muse.c"; sourceTree = "<group>"; };
		711A48631AD83A8B00C66594 /* oxm.c */ = {isa = PBXFileReference; fileEncoding = 4; lastKnownFileType = sourcecode.c.c; name = oxm.c; path = "libraries/libxmp-4.3.8/src/depackers/oxm.c"; sourceTree = "<group>"; };
		711A48641AD83A8B00C66594 /* ppdepack.c */ = {isa = PBXFileReference; fileEncoding = 4; lastKnownFileType = sourcecode.c.c; name = ppdepack.c; path = "libraries/libxmp-4.3.8/src/depackers/ppdepack.c"; sourceTree = "<group>"; };
		711A48651AD83A8B00C66594 /* readhuff.h */ = {isa = PBXFileReference; fileEncoding = 4; lastKnownFileType = sourcecode.c.h; name = readhuff.h; path = "libraries/libxmp-4.3.8/src/depackers/readhuff.h"; sourceTree = "<group>"; };
		711A48661AD83A8B00C66594 /* readlzw.c */ = {isa = PBXFileReference; fileEncoding = 4; lastKnownFileType = sourcecode.c.c; name = readlzw.c; path = "libraries/libxmp-4.3.8/src/depackers/readlzw.c"; sourceTree = "<group>"; };
		711A48671AD83A8B00C66594 /* readlzw.h */ = {isa = PBXFileReference; fileEncoding = 4; lastKnownFileType = sourcecode.c.h; name = readlzw.h; path = "libraries/libxmp-4.3.8/src/depackers/readlzw.h"; sourceTree = "<group>"; };
		711A48681AD83A8B00C66594 /* readrle.c */ = {isa = PBXFileReference; fileEncoding = 4; lastKnownFileType = sourcecode.c.c; name = readrle.c; path = "libraries/libxmp-4.3.8/src/depackers/readrle.c"; sourceTree = "<group>"; };
		711A48691AD83A8B00C66594 /* readrle.h */ = {isa = PBXFileReference; fileEncoding = 4; lastKnownFileType = sourcecode.c.h; name = readrle.h; path = "libraries/libxmp-4.3.8/src/depackers/readrle.h"; sourceTree = "<group>"; };
		711A486A1AD83A8B00C66594 /* s404_dec.c */ = {isa = PBXFileReference; fileEncoding = 4; lastKnownFileType = sourcecode.c.c; name = s404_dec.c; path = "libraries/libxmp-4.3.8/src/depackers/s404_dec.c"; sourceTree = "<group>"; };
		711A486B1AD83A8B00C66594 /* unarc.c */ = {isa = PBXFileReference; fileEncoding = 4; lastKnownFileType = sourcecode.c.c; name = unarc.c; path = "libraries/libxmp-4.3.8/src/depackers/unarc.c"; sourceTree = "<group>"; };
		711A486C1AD83A8B00C66594 /* uncompress.c */ = {isa = PBXFileReference; fileEncoding = 4; lastKnownFileType = sourcecode.c.c; name = uncompress.c; path = "libraries/libxmp-4.3.8/src/depackers/uncompress.c"; sourceTree = "<group>"; };
		711A486D1AD83A8B00C66594 /* unlha.c */ = {isa = PBXFileReference; fileEncoding = 4; lastKnownFileType = sourcecode.c.c; name = unlha.c; path = "libraries/libxmp-4.3.8/src/depackers/unlha.c"; sourceTree = "<group>"; };
		711A486E1AD83A8B00C66594 /* unlzx.c */ = {isa = PBXFileReference; fileEncoding = 4; lastKnownFileType = sourcecode.c.c; name = unlzx.c; path = "libraries/libxmp-4.3.8/src/depackers/unlzx.c"; sourceTree = "<group>"; };
		711A486F1AD83A8B00C66594 /* unsqsh.c */ = {isa = PBXFileReference; fileEncoding = 4; lastKnownFileType = sourcecode.c.c; name = unsqsh.c; path = "libraries/libxmp-4.3.8/src/depackers/unsqsh.c"; sourceTree = "<group>"; };
		711A48701AD83A8B00C66594 /* unxz.c */ = {isa = PBXFileReference; fileEncoding = 4; lastKnownFileType = sourcecode.c.c; name = unxz.c; path = "libraries/libxmp-4.3.8/src/depackers/unxz.c"; sourceTree = "<group>"; };
		711A48711AD83A8B00C66594 /* unzip.c */ = {isa = PBXFileReference; fileEncoding = 4; lastKnownFileType = sourcecode.c.c; name = unzip.c; path = "libraries/libxmp-4.3.8/src/depackers/unzip.c"; sourceTree = "<group>"; };
		711A48721AD83A8B00C66594 /* vorbis.c */ = {isa = PBXFileReference; fileEncoding = 4; lastKnownFileType = sourcecode.c.c; name = vorbis.c; path = "libraries/libxmp-4.3.8/src/depackers/vorbis.c"; sourceTree = "<group>"; };
		711A48731AD83A8B00C66594 /* vorbis.h */ = {isa = PBXFileReference; fileEncoding = 4; lastKnownFileType = sourcecode.c.h; name = vorbis.h; path = "libraries/libxmp-4.3.8/src/depackers/vorbis.h"; sourceTree = "<group>"; };
		711A48741AD83A8B00C66594 /* xfd.c */ = {isa = PBXFileReference; fileEncoding = 4; lastKnownFileType = sourcecode.c.c; name = xfd.c; path = "libraries/libxmp-4.3.8/src/depackers/xfd.c"; sourceTree = "<group>"; };
		711A48751AD83A8B00C66594 /* xz_config.h */ = {isa = PBXFileReference; fileEncoding = 4; lastKnownFileType = sourcecode.c.h; name = xz_config.h; path = "libraries/libxmp-4.3.8/src/depackers/xz_config.h"; sourceTree = "<group>"; };
		711A48761AD83A8B00C66594 /* xz_dec_lzma2.c */ = {isa = PBXFileReference; fileEncoding = 4; lastKnownFileType = sourcecode.c.c; name = xz_dec_lzma2.c; path = "libraries/libxmp-4.3.8/src/depackers/xz_dec_lzma2.c"; sourceTree = "<group>"; };
		711A48771AD83A8B00C66594 /* xz_dec_stream.c */ = {isa = PBXFileReference; fileEncoding = 4; lastKnownFileType = sourcecode.c.c; name = xz_dec_stream.c; path = "libraries/libxmp-4.3.8/src/depackers/xz_dec_stream.c"; sourceTree = "<group>"; };
		711A48781AD83A8B00C66594 /* xz_lzma2.h */ = {isa = PBXFileReference; fileEncoding = 4; lastKnownFileType = sourcecode.c.h; name = xz_lzma2.h; path = "libraries/libxmp-4.3.8/src/depackers/xz_lzma2.h"; sourceTree = "<group>"; };
		711A48791AD83A8B00C66594 /* xz_private.h */ = {isa = PBXFileReference; fileEncoding = 4; lastKnownFileType = sourcecode.c.h; name = xz_private.h; path = "libraries/libxmp-4.3.8/src/depackers/xz_private.h"; sourceTree = "<group>"; };
		711A487A1AD83A8B00C66594 /* xz_stream.h */ = {isa = PBXFileReference; fileEncoding = 4; lastKnownFileType = sourcecode.c.h; name = xz_stream.h; path = "libraries/libxmp-4.3.8/src/depackers/xz_stream.h"; sourceTree = "<group>"; };
		711A487B1AD83A8B00C66594 /* xz.h */ = {isa = PBXFileReference; fileEncoding = 4; lastKnownFileType = sourcecode.c.h; name = xz.h; path = "libraries/libxmp-4.3.8/src/depackers/xz.h"; sourceTree = "<group>"; };
		711A48F41AD83AB400C66594 /* 669_load.c */ = {isa = PBXFileReference; fileEncoding = 4; lastKnownFileType = sourcecode.c.c; name = 669_load.c; path = "libraries/libxmp-4.3.8/src/loaders/669_load.c"; sourceTree = "<group>"; };
		711A48F51AD83AB400C66594 /* abk_load.c */ = {isa = PBXFileReference; fileEncoding = 4; lastKnownFileType = sourcecode.c.c; name = abk_load.c; path = "libraries/libxmp-4.3.8/src/loaders/abk_load.c"; sourceTree = "<group>"; };
		711A48F61AD83AB400C66594 /* amd_load.c */ = {isa = PBXFileReference; fileEncoding = 4; lastKnownFileType = sourcecode.c.c; name = amd_load.c; path = "libraries/libxmp-4.3.8/src/loaders/amd_load.c"; sourceTree = "<group>"; };
		711A48F71AD83AB400C66594 /* amf_load.c */ = {isa = PBXFileReference; fileEncoding = 4; lastKnownFileType = sourcecode.c.c; name = amf_load.c; path = "libraries/libxmp-4.3.8/src/loaders/amf_load.c"; sourceTree = "<group>"; };
		711A48F81AD83AB400C66594 /* arch_load.c */ = {isa = PBXFileReference; fileEncoding = 4; lastKnownFileType = sourcecode.c.c; name = arch_load.c; path = "libraries/libxmp-4.3.8/src/loaders/arch_load.c"; sourceTree = "<group>"; };
		711A48F91AD83AB400C66594 /* asif.c */ = {isa = PBXFileReference; fileEncoding = 4; lastKnownFileType = sourcecode.c.c; name = asif.c; path = "libraries/libxmp-4.3.8/src/loaders/asif.c"; sourceTree = "<group>"; };
		711A48FA1AD83AB400C66594 /* asif.h */ = {isa = PBXFileReference; fileEncoding = 4; lastKnownFileType = sourcecode.c.h; name = asif.h; path = "libraries/libxmp-4.3.8/src/loaders/asif.h"; sourceTree = "<group>"; };
		711A48FB1AD83AB400C66594 /* asylum_load.c */ = {isa = PBXFileReference; fileEncoding = 4; lastKnownFileType = sourcecode.c.c; name = asylum_load.c; path = "libraries/libxmp-4.3.8/src/loaders/asylum_load.c"; sourceTree = "<group>"; };
		711A48FC1AD83AB400C66594 /* chip_load.c */ = {isa = PBXFileReference; fileEncoding = 4; lastKnownFileType = sourcecode.c.c; name = chip_load.c; path = "libraries/libxmp-4.3.8/src/loaders/chip_load.c"; sourceTree = "<group>"; };
		711A48FD1AD83AB400C66594 /* common.c */ = {isa = PBXFileReference; fileEncoding = 4; lastKnownFileType = sourcecode.c.c; name = common.c; path = "libraries/libxmp-4.3.8/src/loaders/common.c"; sourceTree = "<group>"; };
		711A48FE1AD83AB400C66594 /* dbm_load.c */ = {isa = PBXFileReference; fileEncoding = 4; lastKnownFileType = sourcecode.c.c; name = dbm_load.c; path = "libraries/libxmp-4.3.8/src/loaders/dbm_load.c"; sourceTree = "<group>"; };
		711A48FF1AD83AB400C66594 /* digi_load.c */ = {isa = PBXFileReference; fileEncoding = 4; lastKnownFileType = sourcecode.c.c; name = digi_load.c; path = "libraries/libxmp-4.3.8/src/loaders/digi_load.c"; sourceTree = "<group>"; };
		711A49001AD83AB400C66594 /* dt_load.c */ = {isa = PBXFileReference; fileEncoding = 4; lastKnownFileType = sourcecode.c.c; name = dt_load.c; path = "libraries/libxmp-4.3.8/src/loaders/dt_load.c"; sourceTree = "<group>"; };
		711A49011AD83AB400C66594 /* emod_load.c */ = {isa = PBXFileReference; fileEncoding = 4; lastKnownFileType = sourcecode.c.c; name = emod_load.c; path = "libraries/libxmp-4.3.8/src/loaders/emod_load.c"; sourceTree = "<group>"; };
		711A49021AD83AB400C66594 /* far_load.c */ = {isa = PBXFileReference; fileEncoding = 4; lastKnownFileType = sourcecode.c.c; name = far_load.c; path = "libraries/libxmp-4.3.8/src/loaders/far_load.c"; sourceTree = "<group>"; };
		711A49031AD83AB400C66594 /* flt_load.c */ = {isa = PBXFileReference; fileEncoding = 4; lastKnownFileType = sourcecode.c.c; name = flt_load.c; path = "libraries/libxmp-4.3.8/src/loaders/flt_load.c"; sourceTree = "<group>"; };
		711A49041AD83AB400C66594 /* fnk_load.c */ = {isa = PBXFileReference; fileEncoding = 4; lastKnownFileType = sourcecode.c.c; name = fnk_load.c; path = "libraries/libxmp-4.3.8/src/loaders/fnk_load.c"; sourceTree = "<group>"; };
		711A49051AD83AB400C66594 /* gal4_load.c */ = {isa = PBXFileReference; fileEncoding = 4; lastKnownFileType = sourcecode.c.c; name = gal4_load.c; path = "libraries/libxmp-4.3.8/src/loaders/gal4_load.c"; sourceTree = "<group>"; };
		711A49061AD83AB400C66594 /* gal5_load.c */ = {isa = PBXFileReference; fileEncoding = 4; lastKnownFileType = sourcecode.c.c; name = gal5_load.c; path = "libraries/libxmp-4.3.8/src/loaders/gal5_load.c"; sourceTree = "<group>"; };
		711A49071AD83AB400C66594 /* gdm_load.c */ = {isa = PBXFileReference; fileEncoding = 4; lastKnownFileType = sourcecode.c.c; name = gdm_load.c; path = "libraries/libxmp-4.3.8/src/loaders/gdm_load.c"; sourceTree = "<group>"; };
		711A49081AD83AB400C66594 /* hmn_load.c */ = {isa = PBXFileReference; fileEncoding = 4; lastKnownFileType = sourcecode.c.c; name = hmn_load.c; path = "libraries/libxmp-4.3.8/src/loaders/hmn_load.c"; sourceTree = "<group>"; };
		711A49091AD83AB400C66594 /* hsc_load.c */ = {isa = PBXFileReference; fileEncoding = 4; lastKnownFileType = sourcecode.c.c; name = hsc_load.c; path = "libraries/libxmp-4.3.8/src/loaders/hsc_load.c"; sourceTree = "<group>"; };
		711A490A1AD83AB400C66594 /* ice_load.c */ = {isa = PBXFileReference; fileEncoding = 4; lastKnownFileType = sourcecode.c.c; name = ice_load.c; path = "libraries/libxmp-4.3.8/src/loaders/ice_load.c"; sourceTree = "<group>"; };
		711A490B1AD83AB400C66594 /* iff.c */ = {isa = PBXFileReference; fileEncoding = 4; lastKnownFileType = sourcecode.c.c; name = iff.c; path = "libraries/libxmp-4.3.8/src/loaders/iff.c"; sourceTree = "<group>"; };
		711A490C1AD83AB400C66594 /* iff.h */ = {isa = PBXFileReference; fileEncoding = 4; lastKnownFileType = sourcecode.c.h; name = iff.h; path = "libraries/libxmp-4.3.8/src/loaders/iff.h"; sourceTree = "<group>"; };
		711A490D1AD83AB400C66594 /* imf_load.c */ = {isa = PBXFileReference; fileEncoding = 4; lastKnownFileType = sourcecode.c.c; name = imf_load.c; path = "libraries/libxmp-4.3.8/src/loaders/imf_load.c"; sourceTree = "<group>"; };
		711A490E1AD83AB400C66594 /* ims_load.c */ = {isa = PBXFileReference; fileEncoding = 4; lastKnownFileType = sourcecode.c.c; name = ims_load.c; path = "libraries/libxmp-4.3.8/src/loaders/ims_load.c"; sourceTree = "<group>"; };
		711A490F1AD83AB400C66594 /* it_load.c */ = {isa = PBXFileReference; fileEncoding = 4; lastKnownFileType = sourcecode.c.c; name = it_load.c; path = "libraries/libxmp-4.3.8/src/loaders/it_load.c"; sourceTree = "<group>"; };
		711A49101AD83AB400C66594 /* it.h */ = {isa = PBXFileReference; fileEncoding = 4; lastKnownFileType = sourcecode.c.h; name = it.h; path = "libraries/libxmp-4.3.8/src/loaders/it.h"; sourceTree = "<group>"; };
		711A49111AD83AB400C66594 /* itsex.c */ = {isa = PBXFileReference; fileEncoding = 4; lastKnownFileType = sourcecode.c.c; name = itsex.c; path = "libraries/libxmp-4.3.8/src/loaders/itsex.c"; sourceTree = "<group>"; };
		711A49121AD83AB400C66594 /* liq_load.c */ = {isa = PBXFileReference; fileEncoding = 4; lastKnownFileType = sourcecode.c.c; name = liq_load.c; path = "libraries/libxmp-4.3.8/src/loaders/liq_load.c"; sourceTree = "<group>"; };
		711A49131AD83AB400C66594 /* loader.h */ = {isa = PBXFileReference; fileEncoding = 4; lastKnownFileType = sourcecode.c.h; name = loader.h; path = "libraries/libxmp-4.3.8/src/loaders/loader.h"; sourceTree = "<group>"; };
		711A49151AD83AB400C66594 /* masi_load.c */ = {isa = PBXFileReference; fileEncoding = 4; lastKnownFileType = sourcecode.c.c; name = masi_load.c; path = "libraries/libxmp-4.3.8/src/loaders/masi_load.c"; sourceTree = "<group>"; };
		711A49161AD83AB400C66594 /* mdl_load.c */ = {isa = PBXFileReference; fileEncoding = 4; lastKnownFileType = sourcecode.c.c; name = mdl_load.c; path = "libraries/libxmp-4.3.8/src/loaders/mdl_load.c"; sourceTree = "<group>"; };
		711A49171AD83AB400C66594 /* med.h */ = {isa = PBXFileReference; fileEncoding = 4; lastKnownFileType = sourcecode.c.h; name = med.h; path = "libraries/libxmp-4.3.8/src/loaders/med.h"; sourceTree = "<group>"; };
		711A49181AD83AB400C66594 /* med2_load.c */ = {isa = PBXFileReference; fileEncoding = 4; lastKnownFileType = sourcecode.c.c; name = med2_load.c; path = "libraries/libxmp-4.3.8/src/loaders/med2_load.c"; sourceTree = "<group>"; };
		711A49191AD83AB400C66594 /* med3_load.c */ = {isa = PBXFileReference; fileEncoding = 4; lastKnownFileType = sourcecode.c.c; name = med3_load.c; path = "libraries/libxmp-4.3.8/src/loaders/med3_load.c"; sourceTree = "<group>"; };
		711A491A1AD83AB400C66594 /* med4_load.c */ = {isa = PBXFileReference; fileEncoding = 4; lastKnownFileType = sourcecode.c.c; name = med4_load.c; path = "libraries/libxmp-4.3.8/src/loaders/med4_load.c"; sourceTree = "<group>"; };
		711A491B1AD83AB400C66594 /* mfp_load.c */ = {isa = PBXFileReference; fileEncoding = 4; lastKnownFileType = sourcecode.c.c; name = mfp_load.c; path = "libraries/libxmp-4.3.8/src/loaders/mfp_load.c"; sourceTree = "<group>"; };
		711A491C1AD83AB400C66594 /* mgt_load.c */ = {isa = PBXFileReference; fileEncoding = 4; lastKnownFileType = sourcecode.c.c; name = mgt_load.c; path = "libraries/libxmp-4.3.8/src/loaders/mgt_load.c"; sourceTree = "<group>"; };
		711A491D1AD83AB400C66594 /* mmd_common.c */ = {isa = PBXFileReference; fileEncoding = 4; lastKnownFileType = sourcecode.c.c; name = mmd_common.c; path = "libraries/libxmp-4.3.8/src/loaders/mmd_common.c"; sourceTree = "<group>"; };
		711A491E1AD83AB400C66594 /* mmd1_load.c */ = {isa = PBXFileReference; fileEncoding = 4; lastKnownFileType = sourcecode.c.c; name = mmd1_load.c; path = "libraries/libxmp-4.3.8/src/loaders/mmd1_load.c"; sourceTree = "<group>"; };
		711A491F1AD83AB400C66594 /* mmd3_load.c */ = {isa = PBXFileReference; fileEncoding = 4; lastKnownFileType = sourcecode.c.c; name = mmd3_load.c; path = "libraries/libxmp-4.3.8/src/loaders/mmd3_load.c"; sourceTree = "<group>"; };
		711A49201AD83AB400C66594 /* mod_load.c */ = {isa = PBXFileReference; fileEncoding = 4; lastKnownFileType = sourcecode.c.c; name = mod_load.c; path = "libraries/libxmp-4.3.8/src/loaders/mod_load.c"; sourceTree = "<group>"; };
		711A49211AD83AB400C66594 /* mod.h */ = {isa = PBXFileReference; fileEncoding = 4; lastKnownFileType = sourcecode.c.h; name = mod.h; path = "libraries/libxmp-4.3.8/src/loaders/mod.h"; sourceTree = "<group>"; };
		711A49221AD83AB400C66594 /* mtm_load.c */ = {isa = PBXFileReference; fileEncoding = 4; lastKnownFileType = sourcecode.c.c; name = mtm_load.c; path = "libraries/libxmp-4.3.8/src/loaders/mtm_load.c"; sourceTree = "<group>"; };
		711A49231AD83AB400C66594 /* no_load.c */ = {isa = PBXFileReference; fileEncoding = 4; lastKnownFileType = sourcecode.c.c; name = no_load.c; path = "libraries/libxmp-4.3.8/src/loaders/no_load.c"; sourceTree = "<group>"; };
		711A49241AD83AB400C66594 /* okt_load.c */ = {isa = PBXFileReference; fileEncoding = 4; lastKnownFileType = sourcecode.c.c; name = okt_load.c; path = "libraries/libxmp-4.3.8/src/loaders/okt_load.c"; sourceTree = "<group>"; };
		711A49251AD83AB400C66594 /* psm_load.c */ = {isa = PBXFileReference; fileEncoding = 4; lastKnownFileType = sourcecode.c.c; name = psm_load.c; path = "libraries/libxmp-4.3.8/src/loaders/psm_load.c"; sourceTree = "<group>"; };
		711A49261AD83AB400C66594 /* pt3_load.c */ = {isa = PBXFileReference; fileEncoding = 4; lastKnownFileType = sourcecode.c.c; name = pt3_load.c; path = "libraries/libxmp-4.3.8/src/loaders/pt3_load.c"; sourceTree = "<group>"; };
		711A49271AD83AB400C66594 /* ptm_load.c */ = {isa = PBXFileReference; fileEncoding = 4; lastKnownFileType = sourcecode.c.c; name = ptm_load.c; path = "libraries/libxmp-4.3.8/src/loaders/ptm_load.c"; sourceTree = "<group>"; };
		711A49291AD83AB400C66594 /* rad_load.c */ = {isa = PBXFileReference; fileEncoding = 4; lastKnownFileType = sourcecode.c.c; name = rad_load.c; path = "libraries/libxmp-4.3.8/src/loaders/rad_load.c"; sourceTree = "<group>"; };
		711A492A1AD83AB400C66594 /* rtm_load.c */ = {isa = PBXFileReference; fileEncoding = 4; lastKnownFileType = sourcecode.c.c; name = rtm_load.c; path = "libraries/libxmp-4.3.8/src/loaders/rtm_load.c"; sourceTree = "<group>"; };
		711A492B1AD83AB400C66594 /* s3m_load.c */ = {isa = PBXFileReference; fileEncoding = 4; lastKnownFileType = sourcecode.c.c; name = s3m_load.c; path = "libraries/libxmp-4.3.8/src/loaders/s3m_load.c"; sourceTree = "<group>"; };
		711A492C1AD83AB400C66594 /* s3m.h */ = {isa = PBXFileReference; fileEncoding = 4; lastKnownFileType = sourcecode.c.h; name = s3m.h; path = "libraries/libxmp-4.3.8/src/loaders/s3m.h"; sourceTree = "<group>"; };
		711A492D1AD83AB400C66594 /* sample.c */ = {isa = PBXFileReference; fileEncoding = 4; lastKnownFileType = sourcecode.c.c; name = sample.c; path = "libraries/libxmp-4.3.8/src/loaders/sample.c"; sourceTree = "<group>"; };
		711A492E1AD83AB400C66594 /* sfx_load.c */ = {isa = PBXFileReference; fileEncoding = 4; lastKnownFileType = sourcecode.c.c; name = sfx_load.c; path = "libraries/libxmp-4.3.8/src/loaders/sfx_load.c"; sourceTree = "<group>"; };
		711A492F1AD83AB400C66594 /* st_load.c */ = {isa = PBXFileReference; fileEncoding = 4; lastKnownFileType = sourcecode.c.c; name = st_load.c; path = "libraries/libxmp-4.3.8/src/loaders/st_load.c"; sourceTree = "<group>"; };
		711A49301AD83AB400C66594 /* stim_load.c */ = {isa = PBXFileReference; fileEncoding = 4; lastKnownFileType = sourcecode.c.c; name = stim_load.c; path = "libraries/libxmp-4.3.8/src/loaders/stim_load.c"; sourceTree = "<group>"; };
		711A49311AD83AB400C66594 /* stm_load.c */ = {isa = PBXFileReference; fileEncoding = 4; lastKnownFileType = sourcecode.c.c; name = stm_load.c; path = "libraries/libxmp-4.3.8/src/loaders/stm_load.c"; sourceTree = "<group>"; };
		711A49321AD83AB400C66594 /* stx_load.c */ = {isa = PBXFileReference; fileEncoding = 4; lastKnownFileType = sourcecode.c.c; name = stx_load.c; path = "libraries/libxmp-4.3.8/src/loaders/stx_load.c"; sourceTree = "<group>"; };
		711A49331AD83AB400C66594 /* sym_load.c */ = {isa = PBXFileReference; fileEncoding = 4; lastKnownFileType = sourcecode.c.c; name = sym_load.c; path = "libraries/libxmp-4.3.8/src/loaders/sym_load.c"; sourceTree = "<group>"; };
		711A49341AD83AB400C66594 /* ult_load.c */ = {isa = PBXFileReference; fileEncoding = 4; lastKnownFileType = sourcecode.c.c; name = ult_load.c; path = "libraries/libxmp-4.3.8/src/loaders/ult_load.c"; sourceTree = "<group>"; };
		711A49351AD83AB400C66594 /* umx_load.c */ = {isa = PBXFileReference; fileEncoding = 4; lastKnownFileType = sourcecode.c.c; name = umx_load.c; path = "libraries/libxmp-4.3.8/src/loaders/umx_load.c"; sourceTree = "<group>"; };
		711A49361AD83AB400C66594 /* voltable.c */ = {isa = PBXFileReference; fileEncoding = 4; lastKnownFileType = sourcecode.c.c; name = voltable.c; path = "libraries/libxmp-4.3.8/src/loaders/voltable.c"; sourceTree = "<group>"; };
		711A49371AD83AB400C66594 /* xm_load.c */ = {isa = PBXFileReference; fileEncoding = 4; lastKnownFileType = sourcecode.c.c; name = xm_load.c; path = "libraries/libxmp-4.3.8/src/loaders/xm_load.c"; sourceTree = "<group>"; };
		711A49381AD83AB400C66594 /* xm.h */ = {isa = PBXFileReference; fileEncoding = 4; lastKnownFileType = sourcecode.c.h; name = xm.h; path = "libraries/libxmp-4.3.8/src/loaders/xm.h"; sourceTree = "<group>"; };
		711A49761AD83AC700C66594 /* Foundation.framework */ = {isa = PBXFileReference; lastKnownFileType = wrapper.framework; name = Foundation.framework; path = System/Library/Frameworks/Foundation.framework; sourceTree = SDKROOT; };
		711A49781AD83AE200C66594 /* xmp.h */ = {isa = PBXFileReference; lastKnownFileType = sourcecode.c.h; path = xmp.h; sourceTree = "<group>"; };
		711A497A1AD83B8A00C66594 /* PrefixHeader.pch */ = {isa = PBXFileReference; lastKnownFileType = sourcecode.c.h; path = PrefixHeader.pch; sourceTree = "<group>"; };
/* End PBXFileReference section */

/* Begin PBXFrameworksBuildPhase section */
		710103B81AD83A0A008C0849 /* Frameworks */ = {
			isa = PBXFrameworksBuildPhase;
			buildActionMask = 2147483647;
			files = (
				711A49771AD83AC700C66594 /* Foundation.framework in Frameworks */,
			);
			runOnlyForDeploymentPostprocessing = 0;
		};
		710103C31AD83A0A008C0849 /* Frameworks */ = {
			isa = PBXFrameworksBuildPhase;
			buildActionMask = 2147483647;
			files = (
				710103C71AD83A0A008C0849 /* liblibXMP.a in Frameworks */,
			);
			runOnlyForDeploymentPostprocessing = 0;
		};
/* End PBXFrameworksBuildPhase section */

/* Begin PBXGroup section */
		710103B21AD83A0A008C0849 = {
			isa = PBXGroup;
			children = (
				711A49761AD83AC700C66594 /* Foundation.framework */,
				711A48051AD83A3500C66594 /* src */,
				710103BD1AD83A0A008C0849 /* libXMP */,
				710103CA1AD83A0A008C0849 /* libXMPTests */,
				710103BC1AD83A0A008C0849 /* Products */,
			);
			sourceTree = "<group>";
		};
		710103BC1AD83A0A008C0849 /* Products */ = {
			isa = PBXGroup;
			children = (
				710103BB1AD83A0A008C0849 /* liblibXMP.a */,
				710103C61AD83A0A008C0849 /* libXMPTests.xctest */,
			);
			name = Products;
			sourceTree = "<group>";
		};
		710103BD1AD83A0A008C0849 /* libXMP */ = {
			isa = PBXGroup;
			children = (
				711A49781AD83AE200C66594 /* xmp.h */,
				710103BE1AD83A0A008C0849 /* libXMP.h */,
				710103C01AD83A0A008C0849 /* libXMP.mm */,
				711A497A1AD83B8A00C66594 /* PrefixHeader.pch */,
			);
			path = libXMP;
			sourceTree = "<group>";
		};
		710103CA1AD83A0A008C0849 /* libXMPTests */ = {
			isa = PBXGroup;
			children = (
				710103CB1AD83A0A008C0849 /* Supporting Files */,
			);
			path = libXMPTests;
			sourceTree = "<group>";
		};
		710103CB1AD83A0A008C0849 /* Supporting Files */ = {
			isa = PBXGroup;
			children = (
				710103CC1AD83A0A008C0849 /* Info.plist */,
			);
			name = "Supporting Files";
			sourceTree = "<group>";
		};
		711A48051AD83A3500C66594 /* src */ = {
			isa = PBXGroup;
			children = (
				711A48081AD83A7C00C66594 /* adlib.c */,
				711A48091AD83A7C00C66594 /* common.h */,
				711A480A1AD83A7C00C66594 /* control.c */,
				711A480B1AD83A7C00C66594 /* dataio.c */,
				711A480C1AD83A7C00C66594 /* depacker.h */,
				711A480D1AD83A7C00C66594 /* effects.c */,
				711A480E1AD83A7C00C66594 /* effects.h */,
				711A480F1AD83A7C00C66594 /* envelope.c */,
				711A48101AD83A7C00C66594 /* envelope.h */,
				711A48111AD83A7C00C66594 /* extras.c */,
				711A48121AD83A7C00C66594 /* extras.h */,
				711A48131AD83A7C00C66594 /* filter.c */,
				711A48141AD83A7C00C66594 /* fmopl.c */,
				711A48151AD83A7C00C66594 /* fmopl.h */,
				711A48161AD83A7C00C66594 /* fnmatch.c */,
				711A48171AD83A7C00C66594 /* fnmatch.h */,
				711A48181AD83A7C00C66594 /* format.c */,
				711A48191AD83A7C00C66594 /* format.h */,
				711A481A1AD83A7C00C66594 /* hio.c */,
				711A481B1AD83A7C00C66594 /* hio.h */,
				711A481C1AD83A7C00C66594 /* hmn_extras.c */,
				711A481D1AD83A7C00C66594 /* hmn_extras.h */,
				711A481E1AD83A7C00C66594 /* lfo.c */,
				711A481F1AD83A7C00C66594 /* lfo.h */,
				711A48201AD83A7C00C66594 /* list.h */,
				711A48211AD83A7C00C66594 /* load_helpers.c */,
				711A48221AD83A7C00C66594 /* load.c */,
				711A48231AD83A7C00C66594 /* md5.c */,
				711A48241AD83A7C00C66594 /* md5.h */,
				711A48251AD83A7C00C66594 /* mdataio.h */,
				711A48261AD83A7C00C66594 /* med_extras.c */,
				711A48271AD83A7C00C66594 /* med_extras.h */,
				711A48281AD83A7C00C66594 /* memio.c */,
				711A48291AD83A7C00C66594 /* memio.h */,
				711A482A1AD83A7C00C66594 /* mix_all.c */,
				711A482B1AD83A7C00C66594 /* mixer.c */,
				711A482C1AD83A7C00C66594 /* mixer.h */,
				711A482D1AD83A7C00C66594 /* mkstemp.c */,
				711A482E1AD83A7C00C66594 /* period.c */,
				711A482F1AD83A7C00C66594 /* period.h */,
				711A48301AD83A7C00C66594 /* player.c */,
				711A48311AD83A7C00C66594 /* player.h */,
				711A48321AD83A7C00C66594 /* precomp_lut.h */,
				711A48331AD83A7C00C66594 /* read_event.c */,
				711A48341AD83A7C00C66594 /* scan.c */,
				711A48351AD83A7C00C66594 /* smix.c */,
				711A48361AD83A7C00C66594 /* synth_null.c */,
				711A48371AD83A7C00C66594 /* synth.h */,
				711A48381AD83A7C00C66594 /* tempfile.c */,
				711A48391AD83A7C00C66594 /* tempfile.h */,
				711A483A1AD83A7C00C66594 /* virtual.c */,
				711A483B1AD83A7C00C66594 /* virtual.h */,
				711A48071AD83A5F00C66594 /* loaders */,
				711A48061AD83A5700C66594 /* depackers */,
			);
			name = src;
			sourceTree = "<group>";
		};
		711A48061AD83A5700C66594 /* depackers */ = {
			isa = PBXGroup;
			children = (
				711A48591AD83A8B00C66594 /* arcfs.c */,
				711A485A1AD83A8B00C66594 /* bunzip2.c */,
				711A485B1AD83A8B00C66594 /* crc32.c */,
				711A485C1AD83A8B00C66594 /* crc32.h */,
				711A485D1AD83A8B00C66594 /* gunzip.c */,
				711A485E1AD83A8B00C66594 /* inflate.c */,
				711A485F1AD83A8B00C66594 /* inflate.h */,
				711A48601AD83A8B00C66594 /* Makefile */,
				711A48611AD83A8B00C66594 /* mmcmp.c */,
				711A48621AD83A8B00C66594 /* muse.c */,
				711A48631AD83A8B00C66594 /* oxm.c */,
				711A48641AD83A8B00C66594 /* ppdepack.c */,
				711A48651AD83A8B00C66594 /* readhuff.h */,
				711A48661AD83A8B00C66594 /* readlzw.c */,
				711A48671AD83A8B00C66594 /* readlzw.h */,
				711A48681AD83A8B00C66594 /* readrle.c */,
				711A48691AD83A8B00C66594 /* readrle.h */,
				711A486A1AD83A8B00C66594 /* s404_dec.c */,
				711A486B1AD83A8B00C66594 /* unarc.c */,
				711A486C1AD83A8B00C66594 /* uncompress.c */,
				711A486D1AD83A8B00C66594 /* unlha.c */,
				711A486E1AD83A8B00C66594 /* unlzx.c */,
				711A486F1AD83A8B00C66594 /* unsqsh.c */,
				711A48701AD83A8B00C66594 /* unxz.c */,
				711A48711AD83A8B00C66594 /* unzip.c */,
				711A48721AD83A8B00C66594 /* vorbis.c */,
				711A48731AD83A8B00C66594 /* vorbis.h */,
				711A48741AD83A8B00C66594 /* xfd.c */,
				711A48751AD83A8B00C66594 /* xz_config.h */,
				711A48761AD83A8B00C66594 /* xz_dec_lzma2.c */,
				711A48771AD83A8B00C66594 /* xz_dec_stream.c */,
				711A48781AD83A8B00C66594 /* xz_lzma2.h */,
				711A48791AD83A8B00C66594 /* xz_private.h */,
				711A487A1AD83A8B00C66594 /* xz_stream.h */,
				711A487B1AD83A8B00C66594 /* xz.h */,
			);
			name = depackers;
			sourceTree = "<group>";
		};
		711A48071AD83A5F00C66594 /* loaders */ = {
			isa = PBXGroup;
			children = (
				711A48F41AD83AB400C66594 /* 669_load.c */,
				711A48F51AD83AB400C66594 /* abk_load.c */,
				711A48F61AD83AB400C66594 /* amd_load.c */,
				711A48F71AD83AB400C66594 /* amf_load.c */,
				711A48F81AD83AB400C66594 /* arch_load.c */,
				711A48F91AD83AB400C66594 /* asif.c */,
				711A48FA1AD83AB400C66594 /* asif.h */,
				711A48FB1AD83AB400C66594 /* asylum_load.c */,
				711A48FC1AD83AB400C66594 /* chip_load.c */,
				711A48FD1AD83AB400C66594 /* common.c */,
				711A48FE1AD83AB400C66594 /* dbm_load.c */,
				711A48FF1AD83AB400C66594 /* digi_load.c */,
				711A49001AD83AB400C66594 /* dt_load.c */,
				711A49011AD83AB400C66594 /* emod_load.c */,
				711A49021AD83AB400C66594 /* far_load.c */,
				711A49031AD83AB400C66594 /* flt_load.c */,
				711A49041AD83AB400C66594 /* fnk_load.c */,
				711A49051AD83AB400C66594 /* gal4_load.c */,
				711A49061AD83AB400C66594 /* gal5_load.c */,
				711A49071AD83AB400C66594 /* gdm_load.c */,
				711A49081AD83AB400C66594 /* hmn_load.c */,
				711A49091AD83AB400C66594 /* hsc_load.c */,
				711A490A1AD83AB400C66594 /* ice_load.c */,
				711A490B1AD83AB400C66594 /* iff.c */,
				711A490C1AD83AB400C66594 /* iff.h */,
				711A490D1AD83AB400C66594 /* imf_load.c */,
				711A490E1AD83AB400C66594 /* ims_load.c */,
				711A490F1AD83AB400C66594 /* it_load.c */,
				711A49101AD83AB400C66594 /* it.h */,
				711A49111AD83AB400C66594 /* itsex.c */,
				711A49121AD83AB400C66594 /* liq_load.c */,
				711A49131AD83AB400C66594 /* loader.h */,
				711A49151AD83AB400C66594 /* masi_load.c */,
				711A49161AD83AB400C66594 /* mdl_load.c */,
				711A49171AD83AB400C66594 /* med.h */,
				711A49181AD83AB400C66594 /* med2_load.c */,
				711A49191AD83AB400C66594 /* med3_load.c */,
				711A491A1AD83AB400C66594 /* med4_load.c */,
				711A491B1AD83AB400C66594 /* mfp_load.c */,
				711A491C1AD83AB400C66594 /* mgt_load.c */,
				711A491D1AD83AB400C66594 /* mmd_common.c */,
				711A491E1AD83AB400C66594 /* mmd1_load.c */,
				711A491F1AD83AB400C66594 /* mmd3_load.c */,
				711A49201AD83AB400C66594 /* mod_load.c */,
				711A49211AD83AB400C66594 /* mod.h */,
				711A49221AD83AB400C66594 /* mtm_load.c */,
				711A49231AD83AB400C66594 /* no_load.c */,
				711A49241AD83AB400C66594 /* okt_load.c */,
				711A49251AD83AB400C66594 /* psm_load.c */,
				711A49261AD83AB400C66594 /* pt3_load.c */,
				711A49271AD83AB400C66594 /* ptm_load.c */,
				711A49291AD83AB400C66594 /* rad_load.c */,
				711A492A1AD83AB400C66594 /* rtm_load.c */,
				711A492B1AD83AB400C66594 /* s3m_load.c */,
				711A492C1AD83AB400C66594 /* s3m.h */,
				711A492D1AD83AB400C66594 /* sample.c */,
				711A492E1AD83AB400C66594 /* sfx_load.c */,
				711A492F1AD83AB400C66594 /* st_load.c */,
				711A49301AD83AB400C66594 /* stim_load.c */,
				711A49311AD83AB400C66594 /* stm_load.c */,
				711A49321AD83AB400C66594 /* stx_load.c */,
				711A49331AD83AB400C66594 /* sym_load.c */,
				711A49341AD83AB400C66594 /* ult_load.c */,
				711A49351AD83AB400C66594 /* umx_load.c */,
				711A49361AD83AB400C66594 /* voltable.c */,
				711A49371AD83AB400C66594 /* xm_load.c */,
				711A49381AD83AB400C66594 /* xm.h */,
			);
			name = loaders;
			sourceTree = "<group>";
		};
/* End PBXGroup section */

/* Begin PBXNativeTarget section */
		710103BA1AD83A0A008C0849 /* libXMP */ = {
			isa = PBXNativeTarget;
			buildConfigurationList = 710103CF1AD83A0A008C0849 /* Build configuration list for PBXNativeTarget "libXMP" */;
			buildPhases = (
				710103B71AD83A0A008C0849 /* Sources */,
				710103B81AD83A0A008C0849 /* Frameworks */,
				710103B91AD83A0A008C0849 /* CopyFiles */,
			);
			buildRules = (
			);
			dependencies = (
			);
			name = libXMP;
			productName = libXMP;
			productReference = 710103BB1AD83A0A008C0849 /* liblibXMP.a */;
			productType = "com.apple.product-type.library.static";
		};
		710103C51AD83A0A008C0849 /* libXMPTests */ = {
			isa = PBXNativeTarget;
			buildConfigurationList = 710103D21AD83A0A008C0849 /* Build configuration list for PBXNativeTarget "libXMPTests" */;
			buildPhases = (
				710103C21AD83A0A008C0849 /* Sources */,
				710103C31AD83A0A008C0849 /* Frameworks */,
				710103C41AD83A0A008C0849 /* Resources */,
			);
			buildRules = (
			);
			dependencies = (
				710103C91AD83A0A008C0849 /* PBXTargetDependency */,
			);
			name = libXMPTests;
			productName = libXMPTests;
			productReference = 710103C61AD83A0A008C0849 /* libXMPTests.xctest */;
			productType = "com.apple.product-type.bundle.unit-test";
		};
/* End PBXNativeTarget section */

/* Begin PBXProject section */
		710103B31AD83A0A008C0849 /* Project object */ = {
			isa = PBXProject;
			attributes = {
				LastUpgradeCheck = 0620;
				ORGANIZATIONNAME = "Jesus Garcia";
				TargetAttributes = {
					710103BA1AD83A0A008C0849 = {
						CreatedOnToolsVersion = 6.2;
					};
					710103C51AD83A0A008C0849 = {
						CreatedOnToolsVersion = 6.2;
					};
				};
			};
			buildConfigurationList = 710103B61AD83A0A008C0849 /* Build configuration list for PBXProject "libXMP" */;
			compatibilityVersion = "Xcode 3.2";
			developmentRegion = English;
			hasScannedForEncodings = 0;
			knownRegions = (
				en,
			);
			mainGroup = 710103B21AD83A0A008C0849;
			productRefGroup = 710103BC1AD83A0A008C0849 /* Products */;
			projectDirPath = "";
			projectRoot = "";
			targets = (
				710103BA1AD83A0A008C0849 /* libXMP */,
				710103C51AD83A0A008C0849 /* libXMPTests */,
			);
		};
/* End PBXProject section */

/* Begin PBXResourcesBuildPhase section */
		710103C41AD83A0A008C0849 /* Resources */ = {
			isa = PBXResourcesBuildPhase;
			buildActionMask = 2147483647;
			files = (
			);
			runOnlyForDeploymentPostprocessing = 0;
		};
/* End PBXResourcesBuildPhase section */

/* Begin PBXSourcesBuildPhase section */
		710103B71AD83A0A008C0849 /* Sources */ = {
			isa = PBXSourcesBuildPhase;
			buildActionMask = 2147483647;
			files = (
				711A48911AD83A8B00C66594 /* xfd.c in Sources */,
				711A48541AD83A7C00C66594 /* scan.c in Sources */,
				711A48581AD83A7C00C66594 /* virtual.c in Sources */,
				711A48431AD83A7C00C66594 /* fmopl.c in Sources */,
				711A49621AD83AB400C66594 /* no_load.c in Sources */,
				711A483D1AD83A7C00C66594 /* control.c in Sources */,
				711A493C1AD83AB400C66594 /* amf_load.c in Sources */,
				711A488E1AD83A8B00C66594 /* unxz.c in Sources */,
				711A49591AD83AB400C66594 /* med3_load.c in Sources */,
				711A487D1AD83A8B00C66594 /* bunzip2.c in Sources */,
				711A494F1AD83AB400C66594 /* iff.c in Sources */,
				711A48451AD83A7C00C66594 /* format.c in Sources */,
				711A487E1AD83A8B00C66594 /* crc32.c in Sources */,
				711A49501AD83AB400C66594 /* imf_load.c in Sources */,
				711A496D1AD83AB400C66594 /* st_load.c in Sources */,
				711A494C1AD83AB400C66594 /* hmn_load.c in Sources */,
				711A493D1AD83AB400C66594 /* arch_load.c in Sources */,
				711A494B1AD83AB400C66594 /* gdm_load.c in Sources */,
				711A496F1AD83AB400C66594 /* stm_load.c in Sources */,
				711A49641AD83AB400C66594 /* psm_load.c in Sources */,
				711A48871AD83A8B00C66594 /* readrle.c in Sources */,
				711A495B1AD83AB400C66594 /* mfp_load.c in Sources */,
				711A49391AD83AB400C66594 /* 669_load.c in Sources */,
				711A49421AD83AB400C66594 /* dbm_load.c in Sources */,
				711A494A1AD83AB400C66594 /* gal5_load.c in Sources */,
				711A49741AD83AB400C66594 /* voltable.c in Sources */,
				711A49511AD83AB400C66594 /* ims_load.c in Sources */,
				711A488C1AD83A8B00C66594 /* unlzx.c in Sources */,
				711A49571AD83AB400C66594 /* mdl_load.c in Sources */,
				711A49401AD83AB400C66594 /* chip_load.c in Sources */,
				711A483F1AD83A7C00C66594 /* effects.c in Sources */,
				711A48931AD83A8B00C66594 /* xz_dec_stream.c in Sources */,
				711A48511AD83A7C00C66594 /* period.c in Sources */,
				711A49731AD83AB400C66594 /* umx_load.c in Sources */,
				711A49461AD83AB400C66594 /* far_load.c in Sources */,
				711A488A1AD83A8B00C66594 /* uncompress.c in Sources */,
				711A48901AD83A8B00C66594 /* vorbis.c in Sources */,
				711A483C1AD83A7C00C66594 /* adlib.c in Sources */,
				710103C11AD83A0A008C0849 /* libXMP.mm in Sources */,
				711A48861AD83A8B00C66594 /* readlzw.c in Sources */,
				711A48921AD83A8B00C66594 /* xz_dec_lzma2.c in Sources */,
				711A488F1AD83A8B00C66594 /* unzip.c in Sources */,
				711A49631AD83AB400C66594 /* okt_load.c in Sources */,
				711A48891AD83A8B00C66594 /* unarc.c in Sources */,
				711A49411AD83AB400C66594 /* common.c in Sources */,
				711A49481AD83AB400C66594 /* fnk_load.c in Sources */,
				711A484D1AD83A7C00C66594 /* memio.c in Sources */,
				711A49541AD83AB400C66594 /* liq_load.c in Sources */,
				711A48561AD83A7C00C66594 /* synth_null.c in Sources */,
				711A48461AD83A7C00C66594 /* hio.c in Sources */,
				711A496E1AD83AB400C66594 /* stim_load.c in Sources */,
				711A48801AD83A8B00C66594 /* inflate.c in Sources */,
				711A495C1AD83AB400C66594 /* mgt_load.c in Sources */,
				711A49531AD83AB400C66594 /* itsex.c in Sources */,
				711A48821AD83A8B00C66594 /* mmcmp.c in Sources */,
				711A484E1AD83A7C00C66594 /* mix_all.c in Sources */,
				711A493F1AD83AB400C66594 /* asylum_load.c in Sources */,
				711A484A1AD83A7C00C66594 /* load.c in Sources */,
				711A49711AD83AB400C66594 /* sym_load.c in Sources */,
				711A494D1AD83AB400C66594 /* hsc_load.c in Sources */,
				711A49601AD83AB400C66594 /* mod_load.c in Sources */,
				711A48841AD83A8B00C66594 /* oxm.c in Sources */,
				711A48571AD83A7C00C66594 /* tempfile.c in Sources */,
				711A49521AD83AB400C66594 /* it_load.c in Sources */,
				711A49721AD83AB400C66594 /* ult_load.c in Sources */,
				711A48811AD83A8B00C66594 /* Makefile in Sources */,
				711A48491AD83A7C00C66594 /* load_helpers.c in Sources */,
				711A493A1AD83AB400C66594 /* abk_load.c in Sources */,
				711A48551AD83A7C00C66594 /* smix.c in Sources */,
				711A483E1AD83A7C00C66594 /* dataio.c in Sources */,
				711A487F1AD83A8B00C66594 /* gunzip.c in Sources */,
				711A49661AD83AB400C66594 /* ptm_load.c in Sources */,
				711A484F1AD83A7C00C66594 /* mixer.c in Sources */,
				711A49701AD83AB400C66594 /* stx_load.c in Sources */,
				711A488B1AD83A8B00C66594 /* unlha.c in Sources */,
				711A48831AD83A8B00C66594 /* muse.c in Sources */,
				711A487C1AD83A8B00C66594 /* arcfs.c in Sources */,
				711A49611AD83AB400C66594 /* mtm_load.c in Sources */,
				711A494E1AD83AB400C66594 /* ice_load.c in Sources */,
				711A48411AD83A7C00C66594 /* extras.c in Sources */,
				711A48401AD83A7C00C66594 /* envelope.c in Sources */,
				711A49681AD83AB400C66594 /* rad_load.c in Sources */,
				711A49441AD83AB400C66594 /* dt_load.c in Sources */,
				711A496C1AD83AB400C66594 /* sfx_load.c in Sources */,
				711A48881AD83A8B00C66594 /* s404_dec.c in Sources */,
				711A495A1AD83AB400C66594 /* med4_load.c in Sources */,
				711A49751AD83AB400C66594 /* xm_load.c in Sources */,
				711A49561AD83AB400C66594 /* masi_load.c in Sources */,
				711A49451AD83AB400C66594 /* emod_load.c in Sources */,
				711A49491AD83AB400C66594 /* gal4_load.c in Sources */,
				711A48421AD83A7C00C66594 /* filter.c in Sources */,
				711A484C1AD83A7C00C66594 /* med_extras.c in Sources */,
				711A48471AD83A7C00C66594 /* hmn_extras.c in Sources */,
				711A484B1AD83A7C00C66594 /* md5.c in Sources */,
				711A493E1AD83AB400C66594 /* asif.c in Sources */,
				711A496A1AD83AB400C66594 /* s3m_load.c in Sources */,
				711A493B1AD83AB400C66594 /* amd_load.c in Sources */,
				711A48531AD83A7C00C66594 /* read_event.c in Sources */,
				711A48851AD83A8B00C66594 /* ppdepack.c in Sources */,
				711A49431AD83AB400C66594 /* digi_load.c in Sources */,
				711A488D1AD83A8B00C66594 /* unsqsh.c in Sources */,
				711A48441AD83A7C00C66594 /* fnmatch.c in Sources */,
				711A496B1AD83AB400C66594 /* sample.c in Sources */,
				711A48481AD83A7C00C66594 /* lfo.c in Sources */,
				711A49581AD83AB400C66594 /* med2_load.c in Sources */,
				711A48521AD83A7C00C66594 /* player.c in Sources */,
				711A495D1AD83AB400C66594 /* mmd_common.c in Sources */,
				711A49471AD83AB400C66594 /* flt_load.c in Sources */,
				711A495E1AD83AB400C66594 /* mmd1_load.c in Sources */,
				711A495F1AD83AB400C66594 /* mmd3_load.c in Sources */,
				711A49651AD83AB400C66594 /* pt3_load.c in Sources */,
				711A48501AD83A7C00C66594 /* mkstemp.c in Sources */,
				711A49691AD83AB400C66594 /* rtm_load.c in Sources */,
			);
			runOnlyForDeploymentPostprocessing = 0;
		};
		710103C21AD83A0A008C0849 /* Sources */ = {
			isa = PBXSourcesBuildPhase;
			buildActionMask = 2147483647;
			files = (
			);
			runOnlyForDeploymentPostprocessing = 0;
		};
/* End PBXSourcesBuildPhase section */

/* Begin PBXTargetDependency section */
		710103C91AD83A0A008C0849 /* PBXTargetDependency */ = {
			isa = PBXTargetDependency;
			target = 710103BA1AD83A0A008C0849 /* libXMP */;
			targetProxy = 710103C81AD83A0A008C0849 /* PBXContainerItemProxy */;
		};
/* End PBXTargetDependency section */

/* Begin XCBuildConfiguration section */
		710103CD1AD83A0A008C0849 /* Debug */ = {
			isa = XCBuildConfiguration;
			buildSettings = {
				ALWAYS_SEARCH_USER_PATHS = NO;
				CLANG_CXX_LANGUAGE_STANDARD = "gnu++0x";
				CLANG_CXX_LIBRARY = "libc++";
				CLANG_ENABLE_MODULES = YES;
				CLANG_ENABLE_OBJC_ARC = YES;
				CLANG_WARN_BOOL_CONVERSION = YES;
				CLANG_WARN_CONSTANT_CONVERSION = YES;
				CLANG_WARN_DIRECT_OBJC_ISA_USAGE = YES_ERROR;
				CLANG_WARN_EMPTY_BODY = YES;
				CLANG_WARN_ENUM_CONVERSION = YES;
				CLANG_WARN_INT_CONVERSION = YES;
				CLANG_WARN_OBJC_ROOT_CLASS = YES_ERROR;
				CLANG_WARN_UNREACHABLE_CODE = YES;
				CLANG_WARN__DUPLICATE_METHOD_MATCH = YES;
				COPY_PHASE_STRIP = NO;
				ENABLE_STRICT_OBJC_MSGSEND = YES;
				GCC_C_LANGUAGE_STANDARD = gnu99;
				GCC_DYNAMIC_NO_PIC = NO;
				GCC_OPTIMIZATION_LEVEL = 0;
				GCC_PREPROCESSOR_DEFINITIONS = (
					"DEBUG=1",
					"$(inherited)",
				);
				GCC_SYMBOLS_PRIVATE_EXTERN = NO;
				GCC_WARN_64_TO_32_BIT_CONVERSION = YES;
				GCC_WARN_ABOUT_RETURN_TYPE = YES_ERROR;
				GCC_WARN_UNDECLARED_SELECTOR = YES;
				GCC_WARN_UNINITIALIZED_AUTOS = YES_AGGRESSIVE;
				GCC_WARN_UNUSED_FUNCTION = YES;
				GCC_WARN_UNUSED_VARIABLE = YES;
				IPHONEOS_DEPLOYMENT_TARGET = 8.2;
				MTL_ENABLE_DEBUG_INFO = YES;
				ONLY_ACTIVE_ARCH = YES;
				SDKROOT = iphoneos;
			};
			name = Debug;
		};
		710103CE1AD83A0A008C0849 /* Release */ = {
			isa = XCBuildConfiguration;
			buildSettings = {
				ALWAYS_SEARCH_USER_PATHS = NO;
				CLANG_CXX_LANGUAGE_STANDARD = "gnu++0x";
				CLANG_CXX_LIBRARY = "libc++";
				CLANG_ENABLE_MODULES = YES;
				CLANG_ENABLE_OBJC_ARC = YES;
				CLANG_WARN_BOOL_CONVERSION = YES;
				CLANG_WARN_CONSTANT_CONVERSION = YES;
				CLANG_WARN_DIRECT_OBJC_ISA_USAGE = YES_ERROR;
				CLANG_WARN_EMPTY_BODY = YES;
				CLANG_WARN_ENUM_CONVERSION = YES;
				CLANG_WARN_INT_CONVERSION = YES;
				CLANG_WARN_OBJC_ROOT_CLASS = YES_ERROR;
				CLANG_WARN_UNREACHABLE_CODE = YES;
				CLANG_WARN__DUPLICATE_METHOD_MATCH = YES;
				COPY_PHASE_STRIP = NO;
				ENABLE_NS_ASSERTIONS = NO;
				ENABLE_STRICT_OBJC_MSGSEND = YES;
				GCC_C_LANGUAGE_STANDARD = gnu99;
				GCC_WARN_64_TO_32_BIT_CONVERSION = YES;
				GCC_WARN_ABOUT_RETURN_TYPE = YES_ERROR;
				GCC_WARN_UNDECLARED_SELECTOR = YES;
				GCC_WARN_UNINITIALIZED_AUTOS = YES_AGGRESSIVE;
				GCC_WARN_UNUSED_FUNCTION = YES;
				GCC_WARN_UNUSED_VARIABLE = YES;
				IPHONEOS_DEPLOYMENT_TARGET = 8.2;
				MTL_ENABLE_DEBUG_INFO = NO;
				SDKROOT = iphoneos;
				VALIDATE_PRODUCT = YES;
			};
			name = Release;
		};
		710103D01AD83A0A008C0849 /* Debug */ = {
			isa = XCBuildConfiguration;
			buildSettings = {
				GCC_INCREASE_PRECOMPILED_HEADER_SHARING = YES;
				GCC_PREFIX_HEADER = libXMP/PrefixHeader.pch;
				HEADER_SEARCH_PATHS = (
					"$(inherited)",
					/Applications/Xcode.app/Contents/Developer/Toolchains/XcodeDefault.xctoolchain/usr/include,
					"$(SRCROOT)/libraries/**",
				);
				OTHER_LDFLAGS = "-ObjC";
				PRODUCT_NAME = "$(TARGET_NAME)";
				SKIP_INSTALL = YES;
			};
			name = Debug;
		};
		710103D11AD83A0A008C0849 /* Release */ = {
			isa = XCBuildConfiguration;
			buildSettings = {
				GCC_INCREASE_PRECOMPILED_HEADER_SHARING = YES;
				GCC_PREFIX_HEADER = libXMP/PrefixHeader.pch;
				HEADER_SEARCH_PATHS = (
					"$(inherited)",
					/Applications/Xcode.app/Contents/Developer/Toolchains/XcodeDefault.xctoolchain/usr/include,
					"$(SRCROOT)/libraries/**",
				);
				OTHER_LDFLAGS = "-ObjC";
				PRODUCT_NAME = "$(TARGET_NAME)";
				SKIP_INSTALL = YES;
			};
			name = Release;
		};
		710103D31AD83A0A008C0849 /* Debug */ = {
			isa = XCBuildConfiguration;
			buildSettings = {
				FRAMEWORK_SEARCH_PATHS = (
					"$(SDKROOT)/Developer/Library/Frameworks",
					"$(inherited)",
				);
				GCC_PREPROCESSOR_DEFINITIONS = (
					"DEBUG=1",
					"$(inherited)",
				);
				INFOPLIST_FILE = libXMPTests/Info.plist;
				LD_RUNPATH_SEARCH_PATHS = "$(inherited) @executable_path/Frameworks @loader_path/Frameworks";
				PRODUCT_NAME = "$(TARGET_NAME)";
			};
			name = Debug;
		};
		710103D41AD83A0A008C0849 /* Release */ = {
			isa = XCBuildConfiguration;
			buildSettings = {
				FRAMEWORK_SEARCH_PATHS = (
					"$(SDKROOT)/Developer/Library/Frameworks",
					"$(inherited)",
				);
				INFOPLIST_FILE = libXMPTests/Info.plist;
				LD_RUNPATH_SEARCH_PATHS = "$(inherited) @executable_path/Frameworks @loader_path/Frameworks";
				PRODUCT_NAME = "$(TARGET_NAME)";
			};
			name = Release;
		};
/* End XCBuildConfiguration section */

/* Begin XCConfigurationList section */
		710103B61AD83A0A008C0849 /* Build configuration list for PBXProject "libXMP" */ = {
			isa = XCConfigurationList;
			buildConfigurations = (
				710103CD1AD83A0A008C0849 /* Debug */,
				710103CE1AD83A0A008C0849 /* Release */,
			);
			defaultConfigurationIsVisible = 0;
			defaultConfigurationName = Release;
		};
		710103CF1AD83A0A008C0849 /* Build configuration list for PBXNativeTarget "libXMP" */ = {
			isa = XCConfigurationList;
			buildConfigurations = (
				710103D01AD83A0A008C0849 /* Debug */,
				710103D11AD83A0A008C0849 /* Release */,
			);
			defaultConfigurationIsVisible = 0;
			defaultConfigurationName = Release;
		};
		710103D21AD83A0A008C0849 /* Build configuration list for PBXNativeTarget "libXMPTests" */ = {
			isa = XCConfigurationList;
			buildConfigurations = (
				710103D31AD83A0A008C0849 /* Debug */,
				710103D41AD83A0A008C0849 /* Release */,
			);
			defaultConfigurationIsVisible = 0;
			defaultConfigurationName = Release;
		};
/* End XCConfigurationList section */
	};
	rootObject = 710103B31AD83A0A008C0849 /* Project object */;
}
