// !$*UTF8*$!
{
	archiveVersion = 1;
	classes = {
	};
	objectVersion = 46;
	objects = {

/* Begin PBXBuildFile section */
		00C302E51ABCBA2D00DB3ED1 /* libRCTActionSheet.a in Frameworks */ = {isa = PBXBuildFile; fileRef = 00C302AC1ABCB8CE00DB3ED1 /* libRCTActionSheet.a */; };
		00C302E71ABCBA2D00DB3ED1 /* libRCTGeolocation.a in Frameworks */ = {isa = PBXBuildFile; fileRef = 00C302BA1ABCB90400DB3ED1 /* libRCTGeolocation.a */; };
		00C302E81ABCBA2D00DB3ED1 /* libRCTImage.a in Frameworks */ = {isa = PBXBuildFile; fileRef = 00C302C01ABCB91800DB3ED1 /* libRCTImage.a */; };
		00C302E91ABCBA2D00DB3ED1 /* libRCTNetwork.a in Frameworks */ = {isa = PBXBuildFile; fileRef = 00C302DC1ABCB9D200DB3ED1 /* libRCTNetwork.a */; };
		00C302EA1ABCBA2D00DB3ED1 /* libRCTVibration.a in Frameworks */ = {isa = PBXBuildFile; fileRef = 00C302E41ABCB9EE00DB3ED1 /* libRCTVibration.a */; };
		133E29F31AD74F7200F7D852 /* libRCTLinking.a in Frameworks */ = {isa = PBXBuildFile; fileRef = 78C398B91ACF4ADC00677621 /* libRCTLinking.a */; };
		139105C61AF99C1200B5F7CC /* libRCTSettings.a in Frameworks */ = {isa = PBXBuildFile; fileRef = 139105C11AF99BAD00B5F7CC /* libRCTSettings.a */; };
		139FDEF61B0652A700C62182 /* libRCTWebSocket.a in Frameworks */ = {isa = PBXBuildFile; fileRef = 139FDEF41B06529B00C62182 /* libRCTWebSocket.a */; };
		13B07FBC1A68108700A75B9A /* AppDelegate.m in Sources */ = {isa = PBXBuildFile; fileRef = 13B07FB01A68108700A75B9A /* AppDelegate.m */; };
		13B07FBD1A68108700A75B9A /* LaunchScreen.xib in Resources */ = {isa = PBXBuildFile; fileRef = 13B07FB11A68108700A75B9A /* LaunchScreen.xib */; };
		13B07FBF1A68108700A75B9A /* Images.xcassets in Resources */ = {isa = PBXBuildFile; fileRef = 13B07FB51A68108700A75B9A /* Images.xcassets */; };
		13B07FC11A68108700A75B9A /* main.mm in Sources */ = {isa = PBXBuildFile; fileRef = 13B07FB71A68108700A75B9A /* main.mm */; };
		146834051AC3E58100842450 /* libReact.a in Frameworks */ = {isa = PBXBuildFile; fileRef = 146834041AC3E56700842450 /* libReact.a */; };
		712DD4411D14415D00EDB6EE /* Ionicons.ttf in Resources */ = {isa = PBXBuildFile; fileRef = 712DD4401D14415D00EDB6EE /* Ionicons.ttf */; };
		713A288B1CA96144000D9060 /* keygenmusicplayer.db in Resources */ = {isa = PBXBuildFile; fileRef = 713A288A1CA96144000D9060 /* keygenmusicplayer.db */; };
		713A288D1CA961B3000D9060 /* fontello.ttf in Resources */ = {isa = PBXBuildFile; fileRef = 713A288C1CA961B3000D9060 /* fontello.ttf */; };
		713A288F1CA961C6000D9060 /* Perfect DOS VGA 437 Win.ttf in Resources */ = {isa = PBXBuildFile; fileRef = 713A288E1CA961C6000D9060 /* Perfect DOS VGA 437 Win.ttf */; };
		713A28991CA961F1000D9060 /* MCFsTool.m in Sources */ = {isa = PBXBuildFile; fileRef = 713A28921CA961F1000D9060 /* MCFsTool.m */; };
		713A289A1CA961F1000D9060 /* MCModPlayer.m in Sources */ = {isa = PBXBuildFile; fileRef = 713A28941CA961F1000D9060 /* MCModPlayer.m */; };
		713A289B1CA961F1000D9060 /* MCModPlayerInterface.m in Sources */ = {isa = PBXBuildFile; fileRef = 713A28961CA961F1000D9060 /* MCModPlayerInterface.m */; };
		713A289C1CA961F1000D9060 /* MCQueueManager.m in Sources */ = {isa = PBXBuildFile; fileRef = 713A28981CA961F1000D9060 /* MCQueueManager.m */; };
		713A28A01CA96201000D9060 /* MC_OMPT.m in Sources */ = {isa = PBXBuildFile; fileRef = 713A289F1CA96201000D9060 /* MC_OMPT.m */; };
		713A28AB1CA96225000D9060 /* libsqlite3.0.tbd in Frameworks */ = {isa = PBXBuildFile; fileRef = 713A28AA1CA96225000D9060 /* libsqlite3.0.tbd */; };
		7150E3361CE7F84300158C40 /* libRNBlur.a in Frameworks */ = {isa = PBXBuildFile; fileRef = 7150E3341CE7F6BD00158C40 /* libRNBlur.a */; };
		7195F6D51CF4CDEE00A1E02A /* liblibOpenMPT.0.2.a in Frameworks */ = {isa = PBXBuildFile; fileRef = 7195F6D41CF4CDE600A1E02A /* liblibOpenMPT.0.2.a */; };
		7195F6D81CF4DB0100A1E02A /* libz.tbd in Frameworks */ = {isa = PBXBuildFile; fileRef = 7195F6D71CF4DB0100A1E02A /* libz.tbd */; };
		71A16DE71D05E9C800C21003 /* Entypo.ttf in Resources */ = {isa = PBXBuildFile; fileRef = 71A16DDF1D05E9C800C21003 /* Entypo.ttf */; };
		71A16DE81D05E9C800C21003 /* EvilIcons.ttf in Resources */ = {isa = PBXBuildFile; fileRef = 71A16DE01D05E9C800C21003 /* EvilIcons.ttf */; };
		71A16DE91D05E9C800C21003 /* FontAwesome.ttf in Resources */ = {isa = PBXBuildFile; fileRef = 71A16DE11D05E9C800C21003 /* FontAwesome.ttf */; };
		71A16DEA1D05E9C800C21003 /* Foundation.ttf in Resources */ = {isa = PBXBuildFile; fileRef = 71A16DE21D05E9C800C21003 /* Foundation.ttf */; };
		71A16DEC1D05E9C800C21003 /* MaterialIcons.ttf in Resources */ = {isa = PBXBuildFile; fileRef = 71A16DE41D05E9C800C21003 /* MaterialIcons.ttf */; };
		71A16DED1D05E9C800C21003 /* Octicons.ttf in Resources */ = {isa = PBXBuildFile; fileRef = 71A16DE51D05E9C800C21003 /* Octicons.ttf */; };
		71A16DEE1D05E9C800C21003 /* Zocial.ttf in Resources */ = {isa = PBXBuildFile; fileRef = 71A16DE61D05E9C800C21003 /* Zocial.ttf */; };
		71A16DF11D086DE600C21003 /* MCDBManager.m in Sources */ = {isa = PBXBuildFile; fileRef = 71A16DF01D086DE600C21003 /* MCDBManager.m */; };
		71C9BE9F1CF1ED3E007F8A69 /* EZAudioiOS.framework in Frameworks */ = {isa = PBXBuildFile; fileRef = 71C9BE8C1CF1ED37007F8A69 /* EZAudioiOS.framework */; };
		71C9BED21CF1FDFD007F8A69 /* MCPlotGlView.m in Sources */ = {isa = PBXBuildFile; fileRef = 71C9BECF1CF1FDFD007F8A69 /* MCPlotGlView.m */; };
		71C9BED31CF1FDFD007F8A69 /* MCPlotGlViewManager.m in Sources */ = {isa = PBXBuildFile; fileRef = 71C9BED11CF1FDFD007F8A69 /* MCPlotGlViewManager.m */; };
		71C9BED41CF2050F007F8A69 /* EZAudioiOS.framework in Frameworks */ = {isa = PBXBuildFile; fileRef = 71C9BE8C1CF1ED37007F8A69 /* EZAudioiOS.framework */; };
		71C9BED51CF2050F007F8A69 /* EZAudioiOS.framework in Embed Frameworks */ = {isa = PBXBuildFile; fileRef = 71C9BE8C1CF1ED37007F8A69 /* EZAudioiOS.framework */; settings = {ATTRIBUTES = (CodeSignOnCopy, RemoveHeadersOnCopy, ); }; };
		71DC53431CEA4004000CC5F8 /* libTheAmazingAudioEngine.a in Frameworks */ = {isa = PBXBuildFile; fileRef = 71DC533A1CEA3F62000CC5F8 /* libTheAmazingAudioEngine.a */; };
		71EA077E1CA9A92100995808 /* KEYGENMUSiC MusicPack in Resources */ = {isa = PBXBuildFile; fileRef = 71EA077D1CA9A92100995808 /* KEYGENMUSiC MusicPack */; };
		832341BD1AAA6AB300B99B32 /* libRCTText.a in Frameworks */ = {isa = PBXBuildFile; fileRef = 832341B51AAA6A8300B99B32 /* libRCTText.a */; };
/* End PBXBuildFile section */

/* Begin PBXContainerItemProxy section */
		00C302AB1ABCB8CE00DB3ED1 /* PBXContainerItemProxy */ = {
			isa = PBXContainerItemProxy;
			containerPortal = 00C302A71ABCB8CE00DB3ED1 /* RCTActionSheet.xcodeproj */;
			proxyType = 2;
			remoteGlobalIDString = 134814201AA4EA6300B7C361;
			remoteInfo = RCTActionSheet;
		};
		00C302B91ABCB90400DB3ED1 /* PBXContainerItemProxy */ = {
			isa = PBXContainerItemProxy;
			containerPortal = 00C302B51ABCB90400DB3ED1 /* RCTGeolocation.xcodeproj */;
			proxyType = 2;
			remoteGlobalIDString = 134814201AA4EA6300B7C361;
			remoteInfo = RCTGeolocation;
		};
		00C302BF1ABCB91800DB3ED1 /* PBXContainerItemProxy */ = {
			isa = PBXContainerItemProxy;
			containerPortal = 00C302BB1ABCB91800DB3ED1 /* RCTImage.xcodeproj */;
			proxyType = 2;
			remoteGlobalIDString = 58B5115D1A9E6B3D00147676;
			remoteInfo = RCTImage;
		};
		00C302DB1ABCB9D200DB3ED1 /* PBXContainerItemProxy */ = {
			isa = PBXContainerItemProxy;
			containerPortal = 00C302D31ABCB9D200DB3ED1 /* RCTNetwork.xcodeproj */;
			proxyType = 2;
			remoteGlobalIDString = 58B511DB1A9E6C8500147676;
			remoteInfo = RCTNetwork;
		};
		00C302E31ABCB9EE00DB3ED1 /* PBXContainerItemProxy */ = {
			isa = PBXContainerItemProxy;
			containerPortal = 00C302DF1ABCB9EE00DB3ED1 /* RCTVibration.xcodeproj */;
			proxyType = 2;
			remoteGlobalIDString = 832C81801AAF6DEF007FA2F7;
			remoteInfo = RCTVibration;
		};
		139105C01AF99BAD00B5F7CC /* PBXContainerItemProxy */ = {
			isa = PBXContainerItemProxy;
			containerPortal = 139105B61AF99BAD00B5F7CC /* RCTSettings.xcodeproj */;
			proxyType = 2;
			remoteGlobalIDString = 134814201AA4EA6300B7C361;
			remoteInfo = RCTSettings;
		};
		139FDEF31B06529B00C62182 /* PBXContainerItemProxy */ = {
			isa = PBXContainerItemProxy;
			containerPortal = 139FDEE61B06529A00C62182 /* RCTWebSocket.xcodeproj */;
			proxyType = 2;
			remoteGlobalIDString = 3C86DF461ADF2C930047B81A;
			remoteInfo = RCTWebSocket;
		};
		146834031AC3E56700842450 /* PBXContainerItemProxy */ = {
			isa = PBXContainerItemProxy;
			containerPortal = 146833FF1AC3E56700842450 /* React.xcodeproj */;
			proxyType = 2;
			remoteGlobalIDString = 83CBBA2E1A601D0E00E9B192;
			remoteInfo = React;
		};
		7150E3331CE7F6BD00158C40 /* PBXContainerItemProxy */ = {
			isa = PBXContainerItemProxy;
			containerPortal = 7150E32F1CE7F6BD00158C40 /* RNBlur.xcodeproj */;
			proxyType = 2;
			remoteGlobalIDString = A68BD7BC1BC31318005F02DF;
			remoteInfo = RNBlur;
		};
		7195F6D31CF4CDE600A1E02A /* PBXContainerItemProxy */ = {
			isa = PBXContainerItemProxy;
			containerPortal = 7195F6CF1CF4CDE600A1E02A /* libOpenMPT.0.2.xcodeproj */;
			proxyType = 2;
			remoteGlobalIDString = 71448D0C1CF48B5800FE7AAA;
			remoteInfo = libOpenMPT.0.2;
		};
		71C9BE8B1CF1ED37007F8A69 /* PBXContainerItemProxy */ = {
			isa = PBXContainerItemProxy;
			containerPortal = 71C9BE861CF1ED37007F8A69 /* EZAudio.xcodeproj */;
			proxyType = 2;
			remoteGlobalIDString = 469F4CF31B749F7800666A46;
			remoteInfo = EZAudioiOS;
		};
		71C9BE8D1CF1ED37007F8A69 /* PBXContainerItemProxy */ = {
			isa = PBXContainerItemProxy;
			containerPortal = 71C9BE861CF1ED37007F8A69 /* EZAudio.xcodeproj */;
			proxyType = 2;
			remoteGlobalIDString = 8A5A4B9C1BBBDCB200A8A048;
			remoteInfo = EZAudioOSX;
		};
		71C9BED61CF2050F007F8A69 /* PBXContainerItemProxy */ = {
			isa = PBXContainerItemProxy;
			containerPortal = 71C9BE861CF1ED37007F8A69 /* EZAudio.xcodeproj */;
			proxyType = 1;
			remoteGlobalIDString = 469F4CF21B749F7800666A46;
			remoteInfo = EZAudioiOS;
		};
		71DC53391CEA3F62000CC5F8 /* PBXContainerItemProxy */ = {
			isa = PBXContainerItemProxy;
			containerPortal = 71DC53261CEA3F62000CC5F8 /* TheAmazingAudioEngine.xcodeproj */;
			proxyType = 2;
			remoteGlobalIDString = 4CDCAC981CA25A29008AAEF1;
			remoteInfo = TheAmazingAudioEngine;
		};
		71DC533B1CEA3F62000CC5F8 /* PBXContainerItemProxy */ = {
			isa = PBXContainerItemProxy;
			containerPortal = 71DC53261CEA3F62000CC5F8 /* TheAmazingAudioEngine.xcodeproj */;
			proxyType = 2;
			remoteGlobalIDString = 4C9F0F741CB265F90032903E;
			remoteInfo = "TheAmazingAudioEngine OS X";
		};
		71DC533D1CEA3F62000CC5F8 /* PBXContainerItemProxy */ = {
			isa = PBXContainerItemProxy;
			containerPortal = 71DC53261CEA3F62000CC5F8 /* TheAmazingAudioEngine.xcodeproj */;
			proxyType = 2;
			remoteGlobalIDString = 4C9F0FBC1CB269C30032903E;
			remoteInfo = "TheAmazingAudioEngine tvOS";
		};
		71DC533F1CEA3F62000CC5F8 /* PBXContainerItemProxy */ = {
			isa = PBXContainerItemProxy;
			containerPortal = 71DC53261CEA3F62000CC5F8 /* TheAmazingAudioEngine.xcodeproj */;
			proxyType = 2;
			remoteGlobalIDString = 4CDCACA81CA25A6E008AAEF1;
			remoteInfo = Tests;
		};
		78C398B81ACF4ADC00677621 /* PBXContainerItemProxy */ = {
			isa = PBXContainerItemProxy;
			containerPortal = 78C398B01ACF4ADC00677621 /* RCTLinking.xcodeproj */;
			proxyType = 2;
			remoteGlobalIDString = 134814201AA4EA6300B7C361;
			remoteInfo = RCTLinking;
		};
		832341B41AAA6A8300B99B32 /* PBXContainerItemProxy */ = {
			isa = PBXContainerItemProxy;
			containerPortal = 832341B01AAA6A8300B99B32 /* RCTText.xcodeproj */;
			proxyType = 2;
			remoteGlobalIDString = 58B5119B1A9E6C1200147676;
			remoteInfo = RCTText;
		};
/* End PBXContainerItemProxy section */

/* Begin PBXCopyFilesBuildPhase section */
		71C9BED81CF2050F007F8A69 /* Embed Frameworks */ = {
			isa = PBXCopyFilesBuildPhase;
			buildActionMask = 2147483647;
			dstPath = "";
			dstSubfolderSpec = 10;
			files = (
				71C9BED51CF2050F007F8A69 /* EZAudioiOS.framework in Embed Frameworks */,
			);
			name = "Embed Frameworks";
			runOnlyForDeploymentPostprocessing = 0;
		};
/* End PBXCopyFilesBuildPhase section */

/* Begin PBXFileReference section */
		008F07F21AC5B25A0029DE68 /* main.jsbundle */ = {isa = PBXFileReference; fileEncoding = 4; lastKnownFileType = text; path = main.jsbundle; sourceTree = "<group>"; };
		00C302A71ABCB8CE00DB3ED1 /* RCTActionSheet.xcodeproj */ = {isa = PBXFileReference; lastKnownFileType = "wrapper.pb-project"; name = RCTActionSheet.xcodeproj; path = "../node_modules/react-native/Libraries/ActionSheetIOS/RCTActionSheet.xcodeproj"; sourceTree = "<group>"; };
		00C302B51ABCB90400DB3ED1 /* RCTGeolocation.xcodeproj */ = {isa = PBXFileReference; lastKnownFileType = "wrapper.pb-project"; name = RCTGeolocation.xcodeproj; path = "../node_modules/react-native/Libraries/Geolocation/RCTGeolocation.xcodeproj"; sourceTree = "<group>"; };
		00C302BB1ABCB91800DB3ED1 /* RCTImage.xcodeproj */ = {isa = PBXFileReference; lastKnownFileType = "wrapper.pb-project"; name = RCTImage.xcodeproj; path = "../node_modules/react-native/Libraries/Image/RCTImage.xcodeproj"; sourceTree = "<group>"; };
		00C302D31ABCB9D200DB3ED1 /* RCTNetwork.xcodeproj */ = {isa = PBXFileReference; lastKnownFileType = "wrapper.pb-project"; name = RCTNetwork.xcodeproj; path = "../node_modules/react-native/Libraries/Network/RCTNetwork.xcodeproj"; sourceTree = "<group>"; };
		00C302DF1ABCB9EE00DB3ED1 /* RCTVibration.xcodeproj */ = {isa = PBXFileReference; lastKnownFileType = "wrapper.pb-project"; name = RCTVibration.xcodeproj; path = "../node_modules/react-native/Libraries/Vibration/RCTVibration.xcodeproj"; sourceTree = "<group>"; };
		139105B61AF99BAD00B5F7CC /* RCTSettings.xcodeproj */ = {isa = PBXFileReference; lastKnownFileType = "wrapper.pb-project"; name = RCTSettings.xcodeproj; path = "../node_modules/react-native/Libraries/Settings/RCTSettings.xcodeproj"; sourceTree = "<group>"; };
		139FDEE61B06529A00C62182 /* RCTWebSocket.xcodeproj */ = {isa = PBXFileReference; lastKnownFileType = "wrapper.pb-project"; name = RCTWebSocket.xcodeproj; path = "../node_modules/react-native/Libraries/WebSocket/RCTWebSocket.xcodeproj"; sourceTree = "<group>"; };
		13B07F961A680F5B00A75B9A /* KGMP.app */ = {isa = PBXFileReference; explicitFileType = wrapper.application; includeInIndex = 0; path = KGMP.app; sourceTree = BUILT_PRODUCTS_DIR; };
		13B07FAF1A68108700A75B9A /* AppDelegate.h */ = {isa = PBXFileReference; fileEncoding = 4; lastKnownFileType = sourcecode.c.h; name = AppDelegate.h; path = KGMP/AppDelegate.h; sourceTree = "<group>"; };
		13B07FB01A68108700A75B9A /* AppDelegate.m */ = {isa = PBXFileReference; fileEncoding = 4; lastKnownFileType = sourcecode.c.objc; name = AppDelegate.m; path = KGMP/AppDelegate.m; sourceTree = "<group>"; };
		13B07FB21A68108700A75B9A /* Base */ = {isa = PBXFileReference; lastKnownFileType = file.xib; name = Base; path = Base.lproj/LaunchScreen.xib; sourceTree = "<group>"; };
		13B07FB51A68108700A75B9A /* Images.xcassets */ = {isa = PBXFileReference; lastKnownFileType = folder.assetcatalog; name = Images.xcassets; path = KGMP/Images.xcassets; sourceTree = "<group>"; };
		13B07FB61A68108700A75B9A /* Info.plist */ = {isa = PBXFileReference; fileEncoding = 4; lastKnownFileType = text.plist.xml; name = Info.plist; path = KGMP/Info.plist; sourceTree = "<group>"; };
		13B07FB71A68108700A75B9A /* main.mm */ = {isa = PBXFileReference; fileEncoding = 4; lastKnownFileType = sourcecode.cpp.objcpp; name = main.mm; path = KGMP/main.mm; sourceTree = "<group>"; };
		146833FF1AC3E56700842450 /* React.xcodeproj */ = {isa = PBXFileReference; lastKnownFileType = "wrapper.pb-project"; name = React.xcodeproj; path = "../node_modules/react-native/React/React.xcodeproj"; sourceTree = "<group>"; };
		712DD4401D14415D00EDB6EE /* Ionicons.ttf */ = {isa = PBXFileReference; lastKnownFileType = file; name = Ionicons.ttf; path = "../node_modules/react-native-vector-icons/Fonts/Ionicons.ttf"; sourceTree = "<group>"; };
		713A288A1CA96144000D9060 /* keygenmusicplayer.db */ = {isa = PBXFileReference; lastKnownFileType = file; name = keygenmusicplayer.db; path = ../../database_tools/keygenmusicplayer.db; sourceTree = "<group>"; };
		713A288C1CA961B3000D9060 /* fontello.ttf */ = {isa = PBXFileReference; lastKnownFileType = file; name = fontello.ttf; path = resources/fonts/fontello/font/fontello.ttf; sourceTree = "<group>"; };
		713A288E1CA961C6000D9060 /* Perfect DOS VGA 437 Win.ttf */ = {isa = PBXFileReference; lastKnownFileType = file; name = "Perfect DOS VGA 437 Win.ttf"; path = "resources/fonts/perfect_dos_vga_437/Perfect DOS VGA 437 Win.ttf"; sourceTree = "<group>"; };
		713A28911CA961F1000D9060 /* MCFsTool.h */ = {isa = PBXFileReference; fileEncoding = 4; lastKnownFileType = sourcecode.c.h; name = MCFsTool.h; path = ModusCreate/MCFsTool.h; sourceTree = "<group>"; };
		713A28921CA961F1000D9060 /* MCFsTool.m */ = {isa = PBXFileReference; fileEncoding = 4; lastKnownFileType = sourcecode.c.objc; name = MCFsTool.m; path = ModusCreate/MCFsTool.m; sourceTree = "<group>"; };
		713A28931CA961F1000D9060 /* MCModPlayer.h */ = {isa = PBXFileReference; fileEncoding = 4; lastKnownFileType = sourcecode.c.h; name = MCModPlayer.h; path = ModusCreate/MCModPlayer.h; sourceTree = "<group>"; };
		713A28941CA961F1000D9060 /* MCModPlayer.m */ = {isa = PBXFileReference; fileEncoding = 4; lastKnownFileType = sourcecode.c.objc; name = MCModPlayer.m; path = ModusCreate/MCModPlayer.m; sourceTree = "<group>"; };
		713A28951CA961F1000D9060 /* MCModPlayerInterface.h */ = {isa = PBXFileReference; fileEncoding = 4; lastKnownFileType = sourcecode.c.h; name = MCModPlayerInterface.h; path = ModusCreate/MCModPlayerInterface.h; sourceTree = "<group>"; };
		713A28961CA961F1000D9060 /* MCModPlayerInterface.m */ = {isa = PBXFileReference; fileEncoding = 4; lastKnownFileType = sourcecode.c.objc; name = MCModPlayerInterface.m; path = ModusCreate/MCModPlayerInterface.m; sourceTree = "<group>"; };
		713A28971CA961F1000D9060 /* MCQueueManager.h */ = {isa = PBXFileReference; fileEncoding = 4; lastKnownFileType = sourcecode.c.h; name = MCQueueManager.h; path = ModusCreate/MCQueueManager.h; sourceTree = "<group>"; };
		713A28981CA961F1000D9060 /* MCQueueManager.m */ = {isa = PBXFileReference; fileEncoding = 4; lastKnownFileType = sourcecode.c.objc; name = MCQueueManager.m; path = ModusCreate/MCQueueManager.m; sourceTree = "<group>"; };
		713A289E1CA96201000D9060 /* MC_OMPT.h */ = {isa = PBXFileReference; fileEncoding = 4; lastKnownFileType = sourcecode.c.h; name = MC_OMPT.h; path = ModusCreate/Players/MC_OMPT.h; sourceTree = "<group>"; };
		713A289F1CA96201000D9060 /* MC_OMPT.m */ = {isa = PBXFileReference; fileEncoding = 4; lastKnownFileType = sourcecode.c.objc; name = MC_OMPT.m; path = ModusCreate/Players/MC_OMPT.m; sourceTree = "<group>"; };
		713A28AA1CA96225000D9060 /* libsqlite3.0.tbd */ = {isa = PBXFileReference; lastKnownFileType = "sourcecode.text-based-dylib-definition"; name = libsqlite3.0.tbd; path = usr/lib/libsqlite3.0.tbd; sourceTree = SDKROOT; };
		7150E32F1CE7F6BD00158C40 /* RNBlur.xcodeproj */ = {isa = PBXFileReference; lastKnownFileType = "wrapper.pb-project"; name = RNBlur.xcodeproj; path = "../node_modules/react-native-blur/ios/RNBlur.xcodeproj"; sourceTree = "<group>"; };
		7195F6CF1CF4CDE600A1E02A /* libOpenMPT.0.2.xcodeproj */ = {isa = PBXFileReference; lastKnownFileType = "wrapper.pb-project"; name = libOpenMPT.0.2.xcodeproj; path = ../external_libraries/libOpenMPT.0.2/libOpenMPT.0.2.xcodeproj; sourceTree = "<group>"; };
		7195F6D71CF4DB0100A1E02A /* libz.tbd */ = {isa = PBXFileReference; lastKnownFileType = "sourcecode.text-based-dylib-definition"; name = libz.tbd; path = usr/lib/libz.tbd; sourceTree = SDKROOT; };
		71A16DDF1D05E9C800C21003 /* Entypo.ttf */ = {isa = PBXFileReference; lastKnownFileType = file; name = Entypo.ttf; path = "../node_modules/react-native-vector-icons/Fonts/Entypo.ttf"; sourceTree = "<group>"; };
		71A16DE01D05E9C800C21003 /* EvilIcons.ttf */ = {isa = PBXFileReference; lastKnownFileType = file; name = EvilIcons.ttf; path = "../node_modules/react-native-vector-icons/Fonts/EvilIcons.ttf"; sourceTree = "<group>"; };
		71A16DE11D05E9C800C21003 /* FontAwesome.ttf */ = {isa = PBXFileReference; lastKnownFileType = file; name = FontAwesome.ttf; path = "../node_modules/react-native-vector-icons/Fonts/FontAwesome.ttf"; sourceTree = "<group>"; };
		71A16DE21D05E9C800C21003 /* Foundation.ttf */ = {isa = PBXFileReference; lastKnownFileType = file; name = Foundation.ttf; path = "../node_modules/react-native-vector-icons/Fonts/Foundation.ttf"; sourceTree = "<group>"; };
		71A16DE41D05E9C800C21003 /* MaterialIcons.ttf */ = {isa = PBXFileReference; lastKnownFileType = file; name = MaterialIcons.ttf; path = "../node_modules/react-native-vector-icons/Fonts/MaterialIcons.ttf"; sourceTree = "<group>"; };
		71A16DE51D05E9C800C21003 /* Octicons.ttf */ = {isa = PBXFileReference; lastKnownFileType = file; name = Octicons.ttf; path = "../node_modules/react-native-vector-icons/Fonts/Octicons.ttf"; sourceTree = "<group>"; };
		71A16DE61D05E9C800C21003 /* Zocial.ttf */ = {isa = PBXFileReference; lastKnownFileType = file; name = Zocial.ttf; path = "../node_modules/react-native-vector-icons/Fonts/Zocial.ttf"; sourceTree = "<group>"; };
		71A16DEF1D086DE600C21003 /* MCDBManager.h */ = {isa = PBXFileReference; fileEncoding = 4; lastKnownFileType = sourcecode.c.h; name = MCDBManager.h; path = ModusCreate/MCDBManager.h; sourceTree = "<group>"; };
		71A16DF01D086DE600C21003 /* MCDBManager.m */ = {isa = PBXFileReference; fileEncoding = 4; lastKnownFileType = sourcecode.c.objc; name = MCDBManager.m; path = ModusCreate/MCDBManager.m; sourceTree = "<group>"; };
		71C9BE861CF1ED37007F8A69 /* EZAudio.xcodeproj */ = {isa = PBXFileReference; lastKnownFileType = "wrapper.pb-project"; name = EZAudio.xcodeproj; path = ../external_libraries/libEzAudio/EZAudio/EZAudio.xcodeproj; sourceTree = "<group>"; };
		71C9BECE1CF1FDFD007F8A69 /* MCPlotGlView.h */ = {isa = PBXFileReference; fileEncoding = 4; lastKnownFileType = sourcecode.c.h; name = MCPlotGlView.h; path = ModusCreate/GLPlot/MCPlotGlView.h; sourceTree = "<group>"; };
		71C9BECF1CF1FDFD007F8A69 /* MCPlotGlView.m */ = {isa = PBXFileReference; fileEncoding = 4; lastKnownFileType = sourcecode.c.objc; name = MCPlotGlView.m; path = ModusCreate/GLPlot/MCPlotGlView.m; sourceTree = "<group>"; };
		71C9BED01CF1FDFD007F8A69 /* MCPlotGlViewManager.h */ = {isa = PBXFileReference; fileEncoding = 4; lastKnownFileType = sourcecode.c.h; name = MCPlotGlViewManager.h; path = ModusCreate/GLPlot/MCPlotGlViewManager.h; sourceTree = "<group>"; };
		71C9BED11CF1FDFD007F8A69 /* MCPlotGlViewManager.m */ = {isa = PBXFileReference; fileEncoding = 4; lastKnownFileType = sourcecode.c.objc; name = MCPlotGlViewManager.m; path = ModusCreate/GLPlot/MCPlotGlViewManager.m; sourceTree = "<group>"; };
		71DC53261CEA3F62000CC5F8 /* TheAmazingAudioEngine.xcodeproj */ = {isa = PBXFileReference; lastKnownFileType = "wrapper.pb-project"; name = TheAmazingAudioEngine.xcodeproj; path = ../external_libraries/TAAE2/TheAmazingAudioEngine.xcodeproj; sourceTree = "<group>"; };
		71EA077D1CA9A92100995808 /* KEYGENMUSiC MusicPack */ = {isa = PBXFileReference; lastKnownFileType = folder; name = "KEYGENMUSiC MusicPack"; path = "../../KEYGENMUSiC MusicPack"; sourceTree = "<group>"; };
		78C398B01ACF4ADC00677621 /* RCTLinking.xcodeproj */ = {isa = PBXFileReference; lastKnownFileType = "wrapper.pb-project"; name = RCTLinking.xcodeproj; path = "../node_modules/react-native/Libraries/LinkingIOS/RCTLinking.xcodeproj"; sourceTree = "<group>"; };
		832341B01AAA6A8300B99B32 /* RCTText.xcodeproj */ = {isa = PBXFileReference; lastKnownFileType = "wrapper.pb-project"; name = RCTText.xcodeproj; path = "../node_modules/react-native/Libraries/Text/RCTText.xcodeproj"; sourceTree = "<group>"; };
/* End PBXFileReference section */

/* Begin PBXFrameworksBuildPhase section */
		13B07F8C1A680F5B00A75B9A /* Frameworks */ = {
			isa = PBXFrameworksBuildPhase;
			buildActionMask = 2147483647;
			files = (
				7195F6D81CF4DB0100A1E02A /* libz.tbd in Frameworks */,
				7195F6D51CF4CDEE00A1E02A /* liblibOpenMPT.0.2.a in Frameworks */,
				71DC53431CEA4004000CC5F8 /* libTheAmazingAudioEngine.a in Frameworks */,
				713A28AB1CA96225000D9060 /* libsqlite3.0.tbd in Frameworks */,
				146834051AC3E58100842450 /* libReact.a in Frameworks */,
				00C302E51ABCBA2D00DB3ED1 /* libRCTActionSheet.a in Frameworks */,
				00C302E71ABCBA2D00DB3ED1 /* libRCTGeolocation.a in Frameworks */,
				00C302E81ABCBA2D00DB3ED1 /* libRCTImage.a in Frameworks */,
				133E29F31AD74F7200F7D852 /* libRCTLinking.a in Frameworks */,
				00C302E91ABCBA2D00DB3ED1 /* libRCTNetwork.a in Frameworks */,
				139105C61AF99C1200B5F7CC /* libRCTSettings.a in Frameworks */,
				832341BD1AAA6AB300B99B32 /* libRCTText.a in Frameworks */,
				00C302EA1ABCBA2D00DB3ED1 /* libRCTVibration.a in Frameworks */,
				71C9BED41CF2050F007F8A69 /* EZAudioiOS.framework in Frameworks */,
				139FDEF61B0652A700C62182 /* libRCTWebSocket.a in Frameworks */,
				7150E3361CE7F84300158C40 /* libRNBlur.a in Frameworks */,
				71C9BE9F1CF1ED3E007F8A69 /* EZAudioiOS.framework in Frameworks */,
			);
			runOnlyForDeploymentPostprocessing = 0;
		};
/* End PBXFrameworksBuildPhase section */

/* Begin PBXGroup section */
		00C302A81ABCB8CE00DB3ED1 /* Products */ = {
			isa = PBXGroup;
			children = (
				00C302AC1ABCB8CE00DB3ED1 /* libRCTActionSheet.a */,
			);
			name = Products;
			sourceTree = "<group>";
		};
		00C302B61ABCB90400DB3ED1 /* Products */ = {
			isa = PBXGroup;
			children = (
				00C302BA1ABCB90400DB3ED1 /* libRCTGeolocation.a */,
			);
			name = Products;
			sourceTree = "<group>";
		};
		00C302BC1ABCB91800DB3ED1 /* Products */ = {
			isa = PBXGroup;
			children = (
				00C302C01ABCB91800DB3ED1 /* libRCTImage.a */,
			);
			name = Products;
			sourceTree = "<group>";
		};
		00C302D41ABCB9D200DB3ED1 /* Products */ = {
			isa = PBXGroup;
			children = (
				00C302DC1ABCB9D200DB3ED1 /* libRCTNetwork.a */,
			);
			name = Products;
			sourceTree = "<group>";
		};
		00C302E01ABCB9EE00DB3ED1 /* Products */ = {
			isa = PBXGroup;
			children = (
				00C302E41ABCB9EE00DB3ED1 /* libRCTVibration.a */,
			);
			name = Products;
			sourceTree = "<group>";
		};
		139105B71AF99BAD00B5F7CC /* Products */ = {
			isa = PBXGroup;
			children = (
				139105C11AF99BAD00B5F7CC /* libRCTSettings.a */,
			);
			name = Products;
			sourceTree = "<group>";
		};
		139FDEE71B06529A00C62182 /* Products */ = {
			isa = PBXGroup;
			children = (
				139FDEF41B06529B00C62182 /* libRCTWebSocket.a */,
			);
			name = Products;
			sourceTree = "<group>";
		};
		13B07FAE1A68108700A75B9A /* KGMP */ = {
			isa = PBXGroup;
			children = (
				008F07F21AC5B25A0029DE68 /* main.jsbundle */,
				13B07FAF1A68108700A75B9A /* AppDelegate.h */,
				13B07FB01A68108700A75B9A /* AppDelegate.m */,
				13B07FB51A68108700A75B9A /* Images.xcassets */,
				13B07FB61A68108700A75B9A /* Info.plist */,
				13B07FB11A68108700A75B9A /* LaunchScreen.xib */,
				13B07FB71A68108700A75B9A /* main.mm */,
			);
			name = KGMP;
			sourceTree = "<group>";
		};
		146834001AC3E56700842450 /* Products */ = {
			isa = PBXGroup;
			children = (
				146834041AC3E56700842450 /* libReact.a */,
			);
			name = Products;
			sourceTree = "<group>";
		};
		713A28881CA96133000D9060 /* Resources */ = {
			isa = PBXGroup;
			children = (
				71EA077D1CA9A92100995808 /* KEYGENMUSiC MusicPack */,
				713A288A1CA96144000D9060 /* keygenmusicplayer.db */,
				713A28891CA96138000D9060 /* fonts */,
			);
			name = Resources;
			sourceTree = "<group>";
		};
		713A28891CA96138000D9060 /* fonts */ = {
			isa = PBXGroup;
			children = (
				71D1182A1CAAFFE5008D0DA2 /* vector-icons */,
				713A288C1CA961B3000D9060 /* fontello.ttf */,
				713A288E1CA961C6000D9060 /* Perfect DOS VGA 437 Win.ttf */,
			);
			name = fonts;
			sourceTree = "<group>";
		};
		713A28901CA961DD000D9060 /* Modus Create */ = {
			isa = PBXGroup;
			children = (
				71C9BEA01CF1EEAF007F8A69 /* AudioPlot */,
				713A289D1CA961F3000D9060 /* Players */,
				713A28911CA961F1000D9060 /* MCFsTool.h */,
				713A28921CA961F1000D9060 /* MCFsTool.m */,
				713A28931CA961F1000D9060 /* MCModPlayer.h */,
				713A28941CA961F1000D9060 /* MCModPlayer.m */,
				713A28951CA961F1000D9060 /* MCModPlayerInterface.h */,
				713A28961CA961F1000D9060 /* MCModPlayerInterface.m */,
				713A28971CA961F1000D9060 /* MCQueueManager.h */,
				713A28981CA961F1000D9060 /* MCQueueManager.m */,
				71A16DEF1D086DE600C21003 /* MCDBManager.h */,
				71A16DF01D086DE600C21003 /* MCDBManager.m */,
			);
			name = "Modus Create";
			sourceTree = "<group>";
		};
		713A289D1CA961F3000D9060 /* Players */ = {
			isa = PBXGroup;
			children = (
				713A289E1CA96201000D9060 /* MC_OMPT.h */,
				713A289F1CA96201000D9060 /* MC_OMPT.m */,
			);
			name = Players;
			sourceTree = "<group>";
		};
		713A28A11CA96206000D9060 /* external_libraries */ = {
			isa = PBXGroup;
			children = (
				7195F6CF1CF4CDE600A1E02A /* libOpenMPT.0.2.xcodeproj */,
				71C9BE861CF1ED37007F8A69 /* EZAudio.xcodeproj */,
				71DC53261CEA3F62000CC5F8 /* TheAmazingAudioEngine.xcodeproj */,
				7150E32F1CE7F6BD00158C40 /* RNBlur.xcodeproj */,
				713A28AA1CA96225000D9060 /* libsqlite3.0.tbd */,
			);
			name = external_libraries;
			sourceTree = "<group>";
		};
		7150E3301CE7F6BD00158C40 /* Products */ = {
			isa = PBXGroup;
			children = (
				7150E3341CE7F6BD00158C40 /* libRNBlur.a */,
			);
			name = Products;
			sourceTree = "<group>";
		};
		7195F6D01CF4CDE600A1E02A /* Products */ = {
			isa = PBXGroup;
			children = (
				7195F6D41CF4CDE600A1E02A /* liblibOpenMPT.0.2.a */,
			);
			name = Products;
			sourceTree = "<group>";
		};
		71C9BE871CF1ED37007F8A69 /* Products */ = {
			isa = PBXGroup;
			children = (
				71C9BE8C1CF1ED37007F8A69 /* EZAudioiOS.framework */,
				71C9BE8E1CF1ED37007F8A69 /* EZAudioOSX.framework */,
			);
			name = Products;
			sourceTree = "<group>";
		};
		71C9BEA01CF1EEAF007F8A69 /* AudioPlot */ = {
			isa = PBXGroup;
			children = (
				71C9BECE1CF1FDFD007F8A69 /* MCPlotGlView.h */,
				71C9BECF1CF1FDFD007F8A69 /* MCPlotGlView.m */,
				71C9BED01CF1FDFD007F8A69 /* MCPlotGlViewManager.h */,
				71C9BED11CF1FDFD007F8A69 /* MCPlotGlViewManager.m */,
			);
			name = AudioPlot;
			sourceTree = "<group>";
		};
		71D1182A1CAAFFE5008D0DA2 /* vector-icons */ = {
			isa = PBXGroup;
			children = (
				71A16DDF1D05E9C800C21003 /* Entypo.ttf */,
				71A16DE01D05E9C800C21003 /* EvilIcons.ttf */,
				71A16DE11D05E9C800C21003 /* FontAwesome.ttf */,
				712DD4401D14415D00EDB6EE /* Ionicons.ttf */,
				71A16DE21D05E9C800C21003 /* Foundation.ttf */,
				71A16DE41D05E9C800C21003 /* MaterialIcons.ttf */,
				71A16DE51D05E9C800C21003 /* Octicons.ttf */,
				71A16DE61D05E9C800C21003 /* Zocial.ttf */,
			);
			name = "vector-icons";
			sourceTree = "<group>";
		};
		71DC53271CEA3F62000CC5F8 /* Products */ = {
			isa = PBXGroup;
			children = (
				71DC533A1CEA3F62000CC5F8 /* libTheAmazingAudioEngine.a */,
				71DC533C1CEA3F62000CC5F8 /* libTheAmazingAudioEngine OS X.a */,
				71DC533E1CEA3F62000CC5F8 /* libTheAmazingAudioEngine tvOS.a */,
				71DC53401CEA3F62000CC5F8 /* Tests.xctest */,
			);
			name = Products;
			sourceTree = "<group>";
		};
		78C398B11ACF4ADC00677621 /* Products */ = {
			isa = PBXGroup;
			children = (
				78C398B91ACF4ADC00677621 /* libRCTLinking.a */,
			);
			name = Products;
			sourceTree = "<group>";
		};
		832341AE1AAA6A7D00B99B32 /* Libraries */ = {
			isa = PBXGroup;
			children = (
				146833FF1AC3E56700842450 /* React.xcodeproj */,
				00C302A71ABCB8CE00DB3ED1 /* RCTActionSheet.xcodeproj */,
				00C302B51ABCB90400DB3ED1 /* RCTGeolocation.xcodeproj */,
				00C302BB1ABCB91800DB3ED1 /* RCTImage.xcodeproj */,
				78C398B01ACF4ADC00677621 /* RCTLinking.xcodeproj */,
				00C302D31ABCB9D200DB3ED1 /* RCTNetwork.xcodeproj */,
				139105B61AF99BAD00B5F7CC /* RCTSettings.xcodeproj */,
				832341B01AAA6A8300B99B32 /* RCTText.xcodeproj */,
				00C302DF1ABCB9EE00DB3ED1 /* RCTVibration.xcodeproj */,
				139FDEE61B06529A00C62182 /* RCTWebSocket.xcodeproj */,
			);
			name = Libraries;
			sourceTree = "<group>";
		};
		832341B11AAA6A8300B99B32 /* Products */ = {
			isa = PBXGroup;
			children = (
				832341B51AAA6A8300B99B32 /* libRCTText.a */,
			);
			name = Products;
			sourceTree = "<group>";
		};
		83CBB9F61A601CBA00E9B192 = {
			isa = PBXGroup;
			children = (
				7195F6D71CF4DB0100A1E02A /* libz.tbd */,
				713A28A11CA96206000D9060 /* external_libraries */,
				713A28901CA961DD000D9060 /* Modus Create */,
				713A28881CA96133000D9060 /* Resources */,
				13B07FAE1A68108700A75B9A /* KGMP */,
				832341AE1AAA6A7D00B99B32 /* Libraries */,
				83CBBA001A601CBA00E9B192 /* Products */,
			);
			indentWidth = 4;
			sourceTree = "<group>";
			tabWidth = 4;
		};
		83CBBA001A601CBA00E9B192 /* Products */ = {
			isa = PBXGroup;
			children = (
				13B07F961A680F5B00A75B9A /* KGMP.app */,
			);
			name = Products;
			sourceTree = "<group>";
		};
/* End PBXGroup section */

/* Begin PBXNativeTarget section */
		13B07F861A680F5B00A75B9A /* KGMP */ = {
			isa = PBXNativeTarget;
			buildConfigurationList = 13B07F931A680F5B00A75B9A /* Build configuration list for PBXNativeTarget "KGMP" */;
			buildPhases = (
				13B07F871A680F5B00A75B9A /* Sources */,
				13B07F8C1A680F5B00A75B9A /* Frameworks */,
				13B07F8E1A680F5B00A75B9A /* Resources */,
				00DD1BFF1BD5951E006B06BC /* Bundle React Native code and images */,
				71C9BED81CF2050F007F8A69 /* Embed Frameworks */,
			);
			buildRules = (
			);
			dependencies = (
				71C9BED71CF2050F007F8A69 /* PBXTargetDependency */,
			);
			name = KGMP;
			productName = "Hello World";
			productReference = 13B07F961A680F5B00A75B9A /* KGMP.app */;
			productType = "com.apple.product-type.application";
		};
/* End PBXNativeTarget section */

/* Begin PBXProject section */
		83CBB9F71A601CBA00E9B192 /* Project object */ = {
			isa = PBXProject;
			attributes = {
				LastUpgradeCheck = 0610;
				ORGANIZATIONNAME = Facebook;
				TargetAttributes = {
					13B07F861A680F5B00A75B9A = {
						DevelopmentTeam = 287TS9B2H2;
						SystemCapabilities = {
							com.apple.BackgroundModes = {
								enabled = 1;
							};
							com.apple.Push = {
								enabled = 1;
							};
						};
					};
				};
			};
			buildConfigurationList = 83CBB9FA1A601CBA00E9B192 /* Build configuration list for PBXProject "KGMP" */;
			compatibilityVersion = "Xcode 3.2";
			developmentRegion = English;
			hasScannedForEncodings = 0;
			knownRegions = (
				en,
				Base,
			);
			mainGroup = 83CBB9F61A601CBA00E9B192;
			productRefGroup = 83CBBA001A601CBA00E9B192 /* Products */;
			projectDirPath = "";
			projectReferences = (
				{
					ProductGroup = 71C9BE871CF1ED37007F8A69 /* Products */;
					ProjectRef = 71C9BE861CF1ED37007F8A69 /* EZAudio.xcodeproj */;
				},
				{
					ProductGroup = 7195F6D01CF4CDE600A1E02A /* Products */;
					ProjectRef = 7195F6CF1CF4CDE600A1E02A /* libOpenMPT.0.2.xcodeproj */;
				},
				{
					ProductGroup = 00C302A81ABCB8CE00DB3ED1 /* Products */;
					ProjectRef = 00C302A71ABCB8CE00DB3ED1 /* RCTActionSheet.xcodeproj */;
				},
				{
					ProductGroup = 00C302B61ABCB90400DB3ED1 /* Products */;
					ProjectRef = 00C302B51ABCB90400DB3ED1 /* RCTGeolocation.xcodeproj */;
				},
				{
					ProductGroup = 00C302BC1ABCB91800DB3ED1 /* Products */;
					ProjectRef = 00C302BB1ABCB91800DB3ED1 /* RCTImage.xcodeproj */;
				},
				{
					ProductGroup = 78C398B11ACF4ADC00677621 /* Products */;
					ProjectRef = 78C398B01ACF4ADC00677621 /* RCTLinking.xcodeproj */;
				},
				{
					ProductGroup = 00C302D41ABCB9D200DB3ED1 /* Products */;
					ProjectRef = 00C302D31ABCB9D200DB3ED1 /* RCTNetwork.xcodeproj */;
				},
				{
					ProductGroup = 139105B71AF99BAD00B5F7CC /* Products */;
					ProjectRef = 139105B61AF99BAD00B5F7CC /* RCTSettings.xcodeproj */;
				},
				{
					ProductGroup = 832341B11AAA6A8300B99B32 /* Products */;
					ProjectRef = 832341B01AAA6A8300B99B32 /* RCTText.xcodeproj */;
				},
				{
					ProductGroup = 00C302E01ABCB9EE00DB3ED1 /* Products */;
					ProjectRef = 00C302DF1ABCB9EE00DB3ED1 /* RCTVibration.xcodeproj */;
				},
				{
					ProductGroup = 139FDEE71B06529A00C62182 /* Products */;
					ProjectRef = 139FDEE61B06529A00C62182 /* RCTWebSocket.xcodeproj */;
				},
				{
					ProductGroup = 146834001AC3E56700842450 /* Products */;
					ProjectRef = 146833FF1AC3E56700842450 /* React.xcodeproj */;
				},
				{
					ProductGroup = 7150E3301CE7F6BD00158C40 /* Products */;
					ProjectRef = 7150E32F1CE7F6BD00158C40 /* RNBlur.xcodeproj */;
				},
				{
					ProductGroup = 71DC53271CEA3F62000CC5F8 /* Products */;
					ProjectRef = 71DC53261CEA3F62000CC5F8 /* TheAmazingAudioEngine.xcodeproj */;
				},
			);
			projectRoot = "";
			targets = (
				13B07F861A680F5B00A75B9A /* KGMP */,
			);
		};
/* End PBXProject section */

/* Begin PBXReferenceProxy section */
		00C302AC1ABCB8CE00DB3ED1 /* libRCTActionSheet.a */ = {
			isa = PBXReferenceProxy;
			fileType = archive.ar;
			path = libRCTActionSheet.a;
			remoteRef = 00C302AB1ABCB8CE00DB3ED1 /* PBXContainerItemProxy */;
			sourceTree = BUILT_PRODUCTS_DIR;
		};
		00C302BA1ABCB90400DB3ED1 /* libRCTGeolocation.a */ = {
			isa = PBXReferenceProxy;
			fileType = archive.ar;
			path = libRCTGeolocation.a;
			remoteRef = 00C302B91ABCB90400DB3ED1 /* PBXContainerItemProxy */;
			sourceTree = BUILT_PRODUCTS_DIR;
		};
		00C302C01ABCB91800DB3ED1 /* libRCTImage.a */ = {
			isa = PBXReferenceProxy;
			fileType = archive.ar;
			path = libRCTImage.a;
			remoteRef = 00C302BF1ABCB91800DB3ED1 /* PBXContainerItemProxy */;
			sourceTree = BUILT_PRODUCTS_DIR;
		};
		00C302DC1ABCB9D200DB3ED1 /* libRCTNetwork.a */ = {
			isa = PBXReferenceProxy;
			fileType = archive.ar;
			path = libRCTNetwork.a;
			remoteRef = 00C302DB1ABCB9D200DB3ED1 /* PBXContainerItemProxy */;
			sourceTree = BUILT_PRODUCTS_DIR;
		};
		00C302E41ABCB9EE00DB3ED1 /* libRCTVibration.a */ = {
			isa = PBXReferenceProxy;
			fileType = archive.ar;
			path = libRCTVibration.a;
			remoteRef = 00C302E31ABCB9EE00DB3ED1 /* PBXContainerItemProxy */;
			sourceTree = BUILT_PRODUCTS_DIR;
		};
		139105C11AF99BAD00B5F7CC /* libRCTSettings.a */ = {
			isa = PBXReferenceProxy;
			fileType = archive.ar;
			path = libRCTSettings.a;
			remoteRef = 139105C01AF99BAD00B5F7CC /* PBXContainerItemProxy */;
			sourceTree = BUILT_PRODUCTS_DIR;
		};
		139FDEF41B06529B00C62182 /* libRCTWebSocket.a */ = {
			isa = PBXReferenceProxy;
			fileType = archive.ar;
			path = libRCTWebSocket.a;
			remoteRef = 139FDEF31B06529B00C62182 /* PBXContainerItemProxy */;
			sourceTree = BUILT_PRODUCTS_DIR;
		};
		146834041AC3E56700842450 /* libReact.a */ = {
			isa = PBXReferenceProxy;
			fileType = archive.ar;
			path = libReact.a;
			remoteRef = 146834031AC3E56700842450 /* PBXContainerItemProxy */;
			sourceTree = BUILT_PRODUCTS_DIR;
		};
		7150E3341CE7F6BD00158C40 /* libRNBlur.a */ = {
			isa = PBXReferenceProxy;
			fileType = archive.ar;
			path = libRNBlur.a;
			remoteRef = 7150E3331CE7F6BD00158C40 /* PBXContainerItemProxy */;
			sourceTree = BUILT_PRODUCTS_DIR;
		};
		7195F6D41CF4CDE600A1E02A /* liblibOpenMPT.0.2.a */ = {
			isa = PBXReferenceProxy;
			fileType = archive.ar;
			path = liblibOpenMPT.0.2.a;
			remoteRef = 7195F6D31CF4CDE600A1E02A /* PBXContainerItemProxy */;
			sourceTree = BUILT_PRODUCTS_DIR;
		};
		71C9BE8C1CF1ED37007F8A69 /* EZAudioiOS.framework */ = {
			isa = PBXReferenceProxy;
			fileType = wrapper.framework;
			path = EZAudioiOS.framework;
			remoteRef = 71C9BE8B1CF1ED37007F8A69 /* PBXContainerItemProxy */;
			sourceTree = BUILT_PRODUCTS_DIR;
		};
		71C9BE8E1CF1ED37007F8A69 /* EZAudioOSX.framework */ = {
			isa = PBXReferenceProxy;
			fileType = wrapper.framework;
			path = EZAudioOSX.framework;
			remoteRef = 71C9BE8D1CF1ED37007F8A69 /* PBXContainerItemProxy */;
			sourceTree = BUILT_PRODUCTS_DIR;
		};
		71DC533A1CEA3F62000CC5F8 /* libTheAmazingAudioEngine.a */ = {
			isa = PBXReferenceProxy;
			fileType = archive.ar;
			path = libTheAmazingAudioEngine.a;
			remoteRef = 71DC53391CEA3F62000CC5F8 /* PBXContainerItemProxy */;
			sourceTree = BUILT_PRODUCTS_DIR;
		};
		71DC533C1CEA3F62000CC5F8 /* libTheAmazingAudioEngine OS X.a */ = {
			isa = PBXReferenceProxy;
			fileType = archive.ar;
			path = "libTheAmazingAudioEngine OS X.a";
			remoteRef = 71DC533B1CEA3F62000CC5F8 /* PBXContainerItemProxy */;
			sourceTree = BUILT_PRODUCTS_DIR;
		};
		71DC533E1CEA3F62000CC5F8 /* libTheAmazingAudioEngine tvOS.a */ = {
			isa = PBXReferenceProxy;
			fileType = archive.ar;
			path = "libTheAmazingAudioEngine tvOS.a";
			remoteRef = 71DC533D1CEA3F62000CC5F8 /* PBXContainerItemProxy */;
			sourceTree = BUILT_PRODUCTS_DIR;
		};
		71DC53401CEA3F62000CC5F8 /* Tests.xctest */ = {
			isa = PBXReferenceProxy;
			fileType = wrapper.cfbundle;
			path = Tests.xctest;
			remoteRef = 71DC533F1CEA3F62000CC5F8 /* PBXContainerItemProxy */;
			sourceTree = BUILT_PRODUCTS_DIR;
		};
		78C398B91ACF4ADC00677621 /* libRCTLinking.a */ = {
			isa = PBXReferenceProxy;
			fileType = archive.ar;
			path = libRCTLinking.a;
			remoteRef = 78C398B81ACF4ADC00677621 /* PBXContainerItemProxy */;
			sourceTree = BUILT_PRODUCTS_DIR;
		};
		832341B51AAA6A8300B99B32 /* libRCTText.a */ = {
			isa = PBXReferenceProxy;
			fileType = archive.ar;
			path = libRCTText.a;
			remoteRef = 832341B41AAA6A8300B99B32 /* PBXContainerItemProxy */;
			sourceTree = BUILT_PRODUCTS_DIR;
		};
/* End PBXReferenceProxy section */

/* Begin PBXResourcesBuildPhase section */
		13B07F8E1A680F5B00A75B9A /* Resources */ = {
			isa = PBXResourcesBuildPhase;
			buildActionMask = 2147483647;
			files = (
				713A288F1CA961C6000D9060 /* Perfect DOS VGA 437 Win.ttf in Resources */,
				71A16DEA1D05E9C800C21003 /* Foundation.ttf in Resources */,
				71A16DE71D05E9C800C21003 /* Entypo.ttf in Resources */,
				713A288B1CA96144000D9060 /* keygenmusicplayer.db in Resources */,
				13B07FBF1A68108700A75B9A /* Images.xcassets in Resources */,
				71A16DEE1D05E9C800C21003 /* Zocial.ttf in Resources */,
				13B07FBD1A68108700A75B9A /* LaunchScreen.xib in Resources */,
				71A16DE91D05E9C800C21003 /* FontAwesome.ttf in Resources */,
				71A16DEC1D05E9C800C21003 /* MaterialIcons.ttf in Resources */,
				71A16DE81D05E9C800C21003 /* EvilIcons.ttf in Resources */,
				712DD4411D14415D00EDB6EE /* Ionicons.ttf in Resources */,
				71A16DED1D05E9C800C21003 /* Octicons.ttf in Resources */,
				713A288D1CA961B3000D9060 /* fontello.ttf in Resources */,
				71EA077E1CA9A92100995808 /* KEYGENMUSiC MusicPack in Resources */,
			);
			runOnlyForDeploymentPostprocessing = 0;
		};
/* End PBXResourcesBuildPhase section */

/* Begin PBXShellScriptBuildPhase section */
		00DD1BFF1BD5951E006B06BC /* Bundle React Native code and images */ = {
			isa = PBXShellScriptBuildPhase;
			buildActionMask = 2147483647;
			files = (
			);
			inputPaths = (
			);
			name = "Bundle React Native code and images";
			outputPaths = (
			);
			runOnlyForDeploymentPostprocessing = 0;
			shellPath = /bin/sh;
			shellScript = "export NODE_BINARY=node\n../node_modules/react-native/packager/react-native-xcode.sh";
		};
/* End PBXShellScriptBuildPhase section */

/* Begin PBXSourcesBuildPhase section */
		13B07F871A680F5B00A75B9A /* Sources */ = {
			isa = PBXSourcesBuildPhase;
			buildActionMask = 2147483647;
			files = (
				713A289B1CA961F1000D9060 /* MCModPlayerInterface.m in Sources */,
				71C9BED31CF1FDFD007F8A69 /* MCPlotGlViewManager.m in Sources */,
				13B07FBC1A68108700A75B9A /* AppDelegate.m in Sources */,
				713A289A1CA961F1000D9060 /* MCModPlayer.m in Sources */,
				713A289C1CA961F1000D9060 /* MCQueueManager.m in Sources */,
				71A16DF11D086DE600C21003 /* MCDBManager.m in Sources */,
				713A28A01CA96201000D9060 /* MC_OMPT.m in Sources */,
				713A28991CA961F1000D9060 /* MCFsTool.m in Sources */,
				71C9BED21CF1FDFD007F8A69 /* MCPlotGlView.m in Sources */,
				13B07FC11A68108700A75B9A /* main.mm in Sources */,
			);
			runOnlyForDeploymentPostprocessing = 0;
		};
/* End PBXSourcesBuildPhase section */

/* Begin PBXTargetDependency section */
		71C9BED71CF2050F007F8A69 /* PBXTargetDependency */ = {
			isa = PBXTargetDependency;
			name = EZAudioiOS;
			targetProxy = 71C9BED61CF2050F007F8A69 /* PBXContainerItemProxy */;
		};
/* End PBXTargetDependency section */

/* Begin PBXVariantGroup section */
		13B07FB11A68108700A75B9A /* LaunchScreen.xib */ = {
			isa = PBXVariantGroup;
			children = (
				13B07FB21A68108700A75B9A /* Base */,
			);
			name = LaunchScreen.xib;
			path = KGMP;
			sourceTree = "<group>";
		};
/* End PBXVariantGroup section */

/* Begin XCBuildConfiguration section */
		13B07F941A680F5B00A75B9A /* Debug */ = {
			isa = XCBuildConfiguration;
			buildSettings = {
				ASSETCATALOG_COMPILER_APPICON_NAME = AppIcon;
				CODE_SIGN_IDENTITY = "iPhone Developer";
				DEAD_CODE_STRIPPING = NO;
				ENABLE_BITCODE = YES;
				HEADER_SEARCH_PATHS = (
					"$(inherited)",
					/Applications/Xcode.app/Contents/Developer/Toolchains/XcodeDefault.xctoolchain/usr/include,
					"$(SRCROOT)/../node_modules/react-native/React/**",
					"\"$(TEMP_ROOT)/UninstalledProducts/$(PLATFORM_NAME)\"/**",
					"\"$(BUILT_PRODUCTS_DIR)\"/**",
				);
				INFOPLIST_FILE = KGMP/Info.plist;
				IPHONEOS_DEPLOYMENT_TARGET = 8.0;
				LD_RUNPATH_SEARCH_PATHS = "$(inherited) @executable_path/Frameworks";
				OTHER_LDFLAGS = "-ObjC";
				PRODUCT_BUNDLE_IDENTIFIER = "org.ModusCreate.KGMP-2";
				PRODUCT_NAME = KGMP;
				TARGETED_DEVICE_FAMILY = "1,2";
			};
			name = Debug;
		};
		13B07F951A680F5B00A75B9A /* Release */ = {
			isa = XCBuildConfiguration;
			buildSettings = {
				ASSETCATALOG_COMPILER_APPICON_NAME = AppIcon;
				CODE_SIGN_IDENTITY = "iPhone Developer";
				ENABLE_BITCODE = YES;
				HEADER_SEARCH_PATHS = (
					"$(inherited)",
					/Applications/Xcode.app/Contents/Developer/Toolchains/XcodeDefault.xctoolchain/usr/include,
					"$(SRCROOT)/../node_modules/react-native/React/**",
					"\"$(TEMP_ROOT)/UninstalledProducts/$(PLATFORM_NAME)\"/**",
					"\"$(BUILT_PRODUCTS_DIR)\"/**",
				);
				INFOPLIST_FILE = KGMP/Info.plist;
				IPHONEOS_DEPLOYMENT_TARGET = 8.0;
				LD_RUNPATH_SEARCH_PATHS = "$(inherited) @executable_path/Frameworks";
				OTHER_LDFLAGS = "-ObjC";
				PRODUCT_BUNDLE_IDENTIFIER = "org.ModusCreate.KGMP-2";
				PRODUCT_NAME = KGMP;
				TARGETED_DEVICE_FAMILY = "1,2";
			};
			name = Release;
		};
		83CBBA201A601CBA00E9B192 /* Debug */ = {
			isa = XCBuildConfiguration;
			buildSettings = {
				ALWAYS_SEARCH_USER_PATHS = NO;
				CLANG_CXX_LANGUAGE_STANDARD = "gnu++0x";
				CLANG_CXX_LIBRARY = "libc++";
				CLANG_ENABLE_MODULES = YES;
				CLANG_ENABLE_OBJC_ARC = YES;
				CLANG_WARN_BOOL_CONVERSION = YES;
				CLANG_WARN_CONSTANT_CONVERSION = YES;
				CLANG_WARN_DIRECT_OBJC_ISA_USAGE = YES_ERROR;
				CLANG_WARN_EMPTY_BODY = YES;
				CLANG_WARN_ENUM_CONVERSION = YES;
				CLANG_WARN_INT_CONVERSION = YES;
				CLANG_WARN_OBJC_ROOT_CLASS = YES_ERROR;
				CLANG_WARN_UNREACHABLE_CODE = YES;
				CLANG_WARN__DUPLICATE_METHOD_MATCH = YES;
				"CODE_SIGN_IDENTITY[sdk=iphoneos*]" = "iPhone Developer";
				COPY_PHASE_STRIP = NO;
				ENABLE_STRICT_OBJC_MSGSEND = YES;
				GCC_C_LANGUAGE_STANDARD = gnu99;
				GCC_DYNAMIC_NO_PIC = NO;
				GCC_OPTIMIZATION_LEVEL = 0;
				GCC_PREPROCESSOR_DEFINITIONS = (
					"DEBUG=1",
					"$(inherited)",
				);
				GCC_SYMBOLS_PRIVATE_EXTERN = NO;
				GCC_WARN_64_TO_32_BIT_CONVERSION = YES;
				GCC_WARN_ABOUT_RETURN_TYPE = YES_ERROR;
				GCC_WARN_UNDECLARED_SELECTOR = YES;
				GCC_WARN_UNINITIALIZED_AUTOS = YES_AGGRESSIVE;
				GCC_WARN_UNUSED_FUNCTION = YES;
				GCC_WARN_UNUSED_VARIABLE = YES;
				HEADER_SEARCH_PATHS = (
					"$(inherited)",
					/Applications/Xcode.app/Contents/Developer/Toolchains/XcodeDefault.xctoolchain/usr/include,
					"$(SRCROOT)/../node_modules/react-native/React/**",
					"$(SRCROOT)/../external_libraries/**",
				);
				IPHONEOS_DEPLOYMENT_TARGET = 7.0;
				MTL_ENABLE_DEBUG_INFO = YES;
				ONLY_ACTIVE_ARCH = YES;
				SDKROOT = iphoneos;
			};
			name = Debug;
		};
		83CBBA211A601CBA00E9B192 /* Release */ = {
			isa = XCBuildConfiguration;
			buildSettings = {
				ALWAYS_SEARCH_USER_PATHS = NO;
				CLANG_CXX_LANGUAGE_STANDARD = "gnu++0x";
				CLANG_CXX_LIBRARY = "libc++";
				CLANG_ENABLE_MODULES = YES;
				CLANG_ENABLE_OBJC_ARC = YES;
				CLANG_WARN_BOOL_CONVERSION = YES;
				CLANG_WARN_CONSTANT_CONVERSION = YES;
				CLANG_WARN_DIRECT_OBJC_ISA_USAGE = YES_ERROR;
				CLANG_WARN_EMPTY_BODY = YES;
				CLANG_WARN_ENUM_CONVERSION = YES;
				CLANG_WARN_INT_CONVERSION = YES;
				CLANG_WARN_OBJC_ROOT_CLASS = YES_ERROR;
				CLANG_WARN_UNREACHABLE_CODE = YES;
				CLANG_WARN__DUPLICATE_METHOD_MATCH = YES;
				"CODE_SIGN_IDENTITY[sdk=iphoneos*]" = "iPhone Developer";
				COPY_PHASE_STRIP = YES;
				ENABLE_NS_ASSERTIONS = NO;
				ENABLE_STRICT_OBJC_MSGSEND = YES;
				GCC_C_LANGUAGE_STANDARD = gnu99;
				GCC_WARN_64_TO_32_BIT_CONVERSION = YES;
				GCC_WARN_ABOUT_RETURN_TYPE = YES_ERROR;
				GCC_WARN_UNDECLARED_SELECTOR = YES;
				GCC_WARN_UNINITIALIZED_AUTOS = YES_AGGRESSIVE;
				GCC_WARN_UNUSED_FUNCTION = YES;
				GCC_WARN_UNUSED_VARIABLE = YES;
				HEADER_SEARCH_PATHS = (
					"$(inherited)",
					/Applications/Xcode.app/Contents/Developer/Toolchains/XcodeDefault.xctoolchain/usr/include,
					"$(SRCROOT)/../node_modules/react-native/React/**",
					"$(SRCROOT)/../external_libraries/**",
				);
				IPHONEOS_DEPLOYMENT_TARGET = 7.0;
				MTL_ENABLE_DEBUG_INFO = NO;
				SDKROOT = iphoneos;
				VALIDATE_PRODUCT = YES;
			};
			name = Release;
		};
/* End XCBuildConfiguration section */

/* Begin XCConfigurationList section */
		13B07F931A680F5B00A75B9A /* Build configuration list for PBXNativeTarget "KGMP" */ = {
			isa = XCConfigurationList;
			buildConfigurations = (
				13B07F941A680F5B00A75B9A /* Debug */,
				13B07F951A680F5B00A75B9A /* Release */,
			);
			defaultConfigurationIsVisible = 0;
			defaultConfigurationName = Release;
		};
		83CBB9FA1A601CBA00E9B192 /* Build configuration list for PBXProject "KGMP" */ = {
			isa = XCConfigurationList;
			buildConfigurations = (
				83CBBA201A601CBA00E9B192 /* Debug */,
				83CBBA211A601CBA00E9B192 /* Release */,
			);
			defaultConfigurationIsVisible = 0;
			defaultConfigurationName = Release;
		};
/* End XCConfigurationList section */
	};
	rootObject = 83CBB9F71A601CBA00E9B192 /* Project object */;
}
